// !$*UTF8*$!
{
	archiveVersion = 1;
	classes = {
	};
	objectVersion = 46;
	objects = {

/* Begin PBXBuildFile section */
		A6694CBF1AD2AA0E00339A2B /* GTMBase64.m in Sources */ = {isa = PBXBuildFile; fileRef = A6694CBD1AD2AA0E00339A2B /* GTMBase64.m */; };
		A6694CC21AD2B41900339A2B /* MzbAddress.m in Sources */ = {isa = PBXBuildFile; fileRef = A6694CC11AD2B41900339A2B /* MzbAddress.m */; };
		A6694CC61AD40C9D00339A2B /* timeline_green.png in Resources */ = {isa = PBXBuildFile; fileRef = A6694CC41AD40C9D00339A2B /* timeline_green.png */; };
		A66C50A91AC25313003E146F /* MzbAd.m in Sources */ = {isa = PBXBuildFile; fileRef = A66C50A81AC25313003E146F /* MzbAd.m */; };
		A66C50AB1AC262A0003E146F /* mybgpic.png in Resources */ = {isa = PBXBuildFile; fileRef = A66C50AA1AC262A0003E146F /* mybgpic.png */; };
		A66C50AF1AC262EF003E146F /* AllServiceVC.m in Sources */ = {isa = PBXBuildFile; fileRef = A66C50AD1AC262EF003E146F /* AllServiceVC.m */; };
		A66C50B01AC262EF003E146F /* AllServiceVC.xib in Resources */ = {isa = PBXBuildFile; fileRef = A66C50AE1AC262EF003E146F /* AllServiceVC.xib */; };
		A66C50B41AC2686C003E146F /* AllServiceCell.m in Sources */ = {isa = PBXBuildFile; fileRef = A66C50B21AC2686C003E146F /* AllServiceCell.m */; };
		A66C50B51AC2686C003E146F /* AllServiceCell.xib in Resources */ = {isa = PBXBuildFile; fileRef = A66C50B31AC2686C003E146F /* AllServiceCell.xib */; };
		A66C50B81AC272D1003E146F /* AllServiceButton.m in Sources */ = {isa = PBXBuildFile; fileRef = A66C50B71AC272D1003E146F /* AllServiceButton.m */; };
		A696C4D81AC1A5D900A860AD /* main.m in Sources */ = {isa = PBXBuildFile; fileRef = A696C4D71AC1A5D900A860AD /* main.m */; };
		A696C4E31AC1A5D900A860AD /* Images.xcassets in Resources */ = {isa = PBXBuildFile; fileRef = A696C4E21AC1A5D900A860AD /* Images.xcassets */; };
		A696C4F21AC1A5D900A860AD /* BeautyHouse_iphoneTests.m in Sources */ = {isa = PBXBuildFile; fileRef = A696C4F11AC1A5D900A860AD /* BeautyHouse_iphoneTests.m */; };
		A696C5121AC1A73500A860AD /* AppDelegate.m in Sources */ = {isa = PBXBuildFile; fileRef = A696C4FF1AC1A73500A860AD /* AppDelegate.m */; };
		A696C5131AC1A73500A860AD /* Main.storyboard in Resources */ = {isa = PBXBuildFile; fileRef = A696C5001AC1A73500A860AD /* Main.storyboard */; };
		A696C51A1AC1A8C200A860AD /* MyPaser.m in Sources */ = {isa = PBXBuildFile; fileRef = A696C5171AC1A8C200A860AD /* MyPaser.m */; };
		A696C51B1AC1A8C200A860AD /* MZBWebService.m in Sources */ = {isa = PBXBuildFile; fileRef = A696C5191AC1A8C200A860AD /* MZBWebService.m */; };
		A696C5221AC1A8D900A860AD /* BaseNavigationController.m in Sources */ = {isa = PBXBuildFile; fileRef = A696C51D1AC1A8D900A860AD /* BaseNavigationController.m */; };
		A696C5231AC1A8D900A860AD /* BaseTVC.m in Sources */ = {isa = PBXBuildFile; fileRef = A696C51F1AC1A8D900A860AD /* BaseTVC.m */; };
		A696C5241AC1A8D900A860AD /* BaseViewController.m in Sources */ = {isa = PBXBuildFile; fileRef = A696C5211AC1A8D900A860AD /* BaseViewController.m */; };
		A696C52B1AC1A8E800A860AD /* HomeService.m in Sources */ = {isa = PBXBuildFile; fileRef = A696C5261AC1A8E800A860AD /* HomeService.m */; };
		A696C52C1AC1A8E800A860AD /* MyOrderVO.m in Sources */ = {isa = PBXBuildFile; fileRef = A696C5281AC1A8E800A860AD /* MyOrderVO.m */; };
		A696C52D1AC1A8E800A860AD /* MzbService.m in Sources */ = {isa = PBXBuildFile; fileRef = A696C52A1AC1A8E800A860AD /* MzbService.m */; };
		A696C5541AC1A8F400A860AD /* AFHTTPRequestOperation.m in Sources */ = {isa = PBXBuildFile; fileRef = A696C5301AC1A8F300A860AD /* AFHTTPRequestOperation.m */; };
		A696C5551AC1A8F400A860AD /* AFHTTPRequestOperationManager.m in Sources */ = {isa = PBXBuildFile; fileRef = A696C5321AC1A8F300A860AD /* AFHTTPRequestOperationManager.m */; };
		A696C5561AC1A8F400A860AD /* AFHTTPSessionManager.m in Sources */ = {isa = PBXBuildFile; fileRef = A696C5341AC1A8F300A860AD /* AFHTTPSessionManager.m */; };
		A696C5571AC1A8F400A860AD /* AFNetworkReachabilityManager.m in Sources */ = {isa = PBXBuildFile; fileRef = A696C5371AC1A8F300A860AD /* AFNetworkReachabilityManager.m */; };
		A696C5581AC1A8F400A860AD /* AFSecurityPolicy.m in Sources */ = {isa = PBXBuildFile; fileRef = A696C5391AC1A8F300A860AD /* AFSecurityPolicy.m */; };
		A696C5591AC1A8F400A860AD /* AFURLConnectionOperation.m in Sources */ = {isa = PBXBuildFile; fileRef = A696C53B1AC1A8F300A860AD /* AFURLConnectionOperation.m */; };
		A696C55A1AC1A8F400A860AD /* AFURLRequestSerialization.m in Sources */ = {isa = PBXBuildFile; fileRef = A696C53D1AC1A8F300A860AD /* AFURLRequestSerialization.m */; };
		A696C55B1AC1A8F400A860AD /* AFURLResponseSerialization.m in Sources */ = {isa = PBXBuildFile; fileRef = A696C53F1AC1A8F300A860AD /* AFURLResponseSerialization.m */; };
		A696C55C1AC1A8F400A860AD /* AFURLSessionManager.m in Sources */ = {isa = PBXBuildFile; fileRef = A696C5411AC1A8F300A860AD /* AFURLSessionManager.m */; };
		A696C55D1AC1A8F400A860AD /* AFNetworkActivityIndicatorManager.m in Sources */ = {isa = PBXBuildFile; fileRef = A696C5441AC1A8F400A860AD /* AFNetworkActivityIndicatorManager.m */; };
		A696C55E1AC1A8F400A860AD /* UIActivityIndicatorView+AFNetworking.m in Sources */ = {isa = PBXBuildFile; fileRef = A696C5461AC1A8F400A860AD /* UIActivityIndicatorView+AFNetworking.m */; };
		A696C55F1AC1A8F400A860AD /* UIAlertView+AFNetworking.m in Sources */ = {isa = PBXBuildFile; fileRef = A696C5481AC1A8F400A860AD /* UIAlertView+AFNetworking.m */; };
		A696C5601AC1A8F400A860AD /* UIButton+AFNetworking.m in Sources */ = {isa = PBXBuildFile; fileRef = A696C54A1AC1A8F400A860AD /* UIButton+AFNetworking.m */; };
		A696C5611AC1A8F400A860AD /* UIImageView+AFNetworking.m in Sources */ = {isa = PBXBuildFile; fileRef = A696C54C1AC1A8F400A860AD /* UIImageView+AFNetworking.m */; };
		A696C5621AC1A8F400A860AD /* UIProgressView+AFNetworking.m in Sources */ = {isa = PBXBuildFile; fileRef = A696C54F1AC1A8F400A860AD /* UIProgressView+AFNetworking.m */; };
		A696C5631AC1A8F400A860AD /* UIRefreshControl+AFNetworking.m in Sources */ = {isa = PBXBuildFile; fileRef = A696C5511AC1A8F400A860AD /* UIRefreshControl+AFNetworking.m */; };
		A696C5641AC1A8F400A860AD /* UIWebView+AFNetworking.m in Sources */ = {isa = PBXBuildFile; fileRef = A696C5531AC1A8F400A860AD /* UIWebView+AFNetworking.m */; };
		A696C5841AC1A91900A860AD /* HomeAdCell.m in Sources */ = {isa = PBXBuildFile; fileRef = A696C5661AC1A91900A860AD /* HomeAdCell.m */; };
		A696C5851AC1A91900A860AD /* HomeBtnCell.m in Sources */ = {isa = PBXBuildFile; fileRef = A696C5681AC1A91900A860AD /* HomeBtnCell.m */; };
		A696C5861AC1A91900A860AD /* HomeButton.m in Sources */ = {isa = PBXBuildFile; fileRef = A696C56A1AC1A91900A860AD /* HomeButton.m */; };
		A696C5871AC1A91900A860AD /* HomeTableVC.m in Sources */ = {isa = PBXBuildFile; fileRef = A696C56C1AC1A91900A860AD /* HomeTableVC.m */; };
		A696C5881AC1A91900A860AD /* RMDateSelectionViewController.m in Sources */ = {isa = PBXBuildFile; fileRef = A696C56F1AC1A91900A860AD /* RMDateSelectionViewController.m */; };
		A696C5891AC1A91900A860AD /* RMDateSelectionViewController.xib in Resources */ = {isa = PBXBuildFile; fileRef = A696C5701AC1A91900A860AD /* RMDateSelectionViewController.xib */; };
		A696C58A1AC1A91900A860AD /* CleanerVC.m in Sources */ = {isa = PBXBuildFile; fileRef = A696C5731AC1A91900A860AD /* CleanerVC.m */; };
		A696C58B1AC1A91900A860AD /* CleanerVC.xib in Resources */ = {isa = PBXBuildFile; fileRef = A696C5741AC1A91900A860AD /* CleanerVC.xib */; };
		A696C58C1AC1A91900A860AD /* CurtainCareVC.m in Sources */ = {isa = PBXBuildFile; fileRef = A696C5761AC1A91900A860AD /* CurtainCareVC.m */; };
		A696C58D1AC1A91900A860AD /* CurtainCareVC.xib in Resources */ = {isa = PBXBuildFile; fileRef = A696C5771AC1A91900A860AD /* CurtainCareVC.xib */; };
		A696C58E1AC1A91900A860AD /* FloorCareVC.m in Sources */ = {isa = PBXBuildFile; fileRef = A696C5791AC1A91900A860AD /* FloorCareVC.m */; };
		A696C58F1AC1A91900A860AD /* FloorCareVC.xib in Resources */ = {isa = PBXBuildFile; fileRef = A696C57A1AC1A91900A860AD /* FloorCareVC.xib */; };
		A696C5901AC1A91900A860AD /* NewHouseCareVC.m in Sources */ = {isa = PBXBuildFile; fileRef = A696C57C1AC1A91900A860AD /* NewHouseCareVC.m */; };
		A696C5911AC1A91900A860AD /* NewHouseCareVC.xib in Resources */ = {isa = PBXBuildFile; fileRef = A696C57D1AC1A91900A860AD /* NewHouseCareVC.xib */; };
		A696C5921AC1A91900A860AD /* NurseVC.m in Sources */ = {isa = PBXBuildFile; fileRef = A696C57F1AC1A91900A860AD /* NurseVC.m */; };
		A696C5931AC1A91900A860AD /* NurseVC.xib in Resources */ = {isa = PBXBuildFile; fileRef = A696C5801AC1A91900A860AD /* NurseVC.xib */; };
		A696C5941AC1A91900A860AD /* ServiceIntroductionVC.m in Sources */ = {isa = PBXBuildFile; fileRef = A696C5821AC1A91900A860AD /* ServiceIntroductionVC.m */; };
		A696C5951AC1A91900A860AD /* ServiceIntroductionVC.xib in Resources */ = {isa = PBXBuildFile; fileRef = A696C5831AC1A91900A860AD /* ServiceIntroductionVC.xib */; };
		A696C59C1AC1A93300A860AD /* MemberCenterJoinTVC.m in Sources */ = {isa = PBXBuildFile; fileRef = A696C5971AC1A93300A860AD /* MemberCenterJoinTVC.m */; };
		A696C59D1AC1A93300A860AD /* MemberCenterPrivilegeTVC.m in Sources */ = {isa = PBXBuildFile; fileRef = A696C5991AC1A93300A860AD /* MemberCenterPrivilegeTVC.m */; };
		A696C59E1AC1A93300A860AD /* MemberCenterVC.m in Sources */ = {isa = PBXBuildFile; fileRef = A696C59B1AC1A93300A860AD /* MemberCenterVC.m */; };
		A696C5A11AC1A93E00A860AD /* MyAccountVC.m in Sources */ = {isa = PBXBuildFile; fileRef = A696C5A01AC1A93E00A860AD /* MyAccountVC.m */; };
		A696C5A61AC1A94C00A860AD /* MyOrderTVC.m in Sources */ = {isa = PBXBuildFile; fileRef = A696C5A31AC1A94C00A860AD /* MyOrderTVC.m */; };
		A696C5A71AC1A94C00A860AD /* MyOrderVC.m in Sources */ = {isa = PBXBuildFile; fileRef = A696C5A51AC1A94C00A860AD /* MyOrderVC.m */; };
		A696C5AC1AC1A97200A860AD /* tab_home@2x.png in Resources */ = {isa = PBXBuildFile; fileRef = A696C5A81AC1A97200A860AD /* tab_home@2x.png */; };
		A696C5AD1AC1A97200A860AD /* tab_member@2x.png in Resources */ = {isa = PBXBuildFile; fileRef = A696C5A91AC1A97200A860AD /* tab_member@2x.png */; };
		A696C5AE1AC1A97200A860AD /* tab_orders@2x.png in Resources */ = {isa = PBXBuildFile; fileRef = A696C5AA1AC1A97200A860AD /* tab_orders@2x.png */; };
		A696C5AF1AC1A97200A860AD /* tab_owner@2x.png in Resources */ = {isa = PBXBuildFile; fileRef = A696C5AB1AC1A97200A860AD /* tab_owner@2x.png */; };
		A696C5B31AC1A98300A860AD /* ad_a_1.jpg in Resources */ = {isa = PBXBuildFile; fileRef = A696C5B01AC1A98300A860AD /* ad_a_1.jpg */; };
		A696C5B41AC1A98300A860AD /* ad_a_2.jpg in Resources */ = {isa = PBXBuildFile; fileRef = A696C5B11AC1A98300A860AD /* ad_a_2.jpg */; };
		A696C5B51AC1A98300A860AD /* ad_a_3.jpg in Resources */ = {isa = PBXBuildFile; fileRef = A696C5B21AC1A98300A860AD /* ad_a_3.jpg */; };
		A696C5BA1AC1A9BE00A860AD /* arrow_right_gray.png in Resources */ = {isa = PBXBuildFile; fileRef = A696C5B61AC1A9BE00A860AD /* arrow_right_gray.png */; };
		A696C5BB1AC1A9BE00A860AD /* nav_back.png in Resources */ = {isa = PBXBuildFile; fileRef = A696C5B71AC1A9BE00A860AD /* nav_back.png */; };
		A696C5BC1AC1A9BE00A860AD /* s_phone.png in Resources */ = {isa = PBXBuildFile; fileRef = A696C5B81AC1A9BE00A860AD /* s_phone.png */; };
		A696C5BD1AC1A9BE00A860AD /* time.png in Resources */ = {isa = PBXBuildFile; fileRef = A696C5B91AC1A9BE00A860AD /* time.png */; };
		A6B6A8961AC4359500B12F04 /* AddAddressVC.m in Sources */ = {isa = PBXBuildFile; fileRef = A6B6A8941AC4359500B12F04 /* AddAddressVC.m */; };
		A6B6A8971AC4359500B12F04 /* AddAddressVC.xib in Resources */ = {isa = PBXBuildFile; fileRef = A6B6A8951AC4359500B12F04 /* AddAddressVC.xib */; };
		A6B6A89B1AC436C600B12F04 /* category.png in Resources */ = {isa = PBXBuildFile; fileRef = A6B6A8981AC436C600B12F04 /* category.png */; };
		A6B6A89C1AC436C600B12F04 /* adress.png in Resources */ = {isa = PBXBuildFile; fileRef = A6B6A8991AC436C600B12F04 /* adress.png */; };
		A6B6A89D1AC436C600B12F04 /* home.png in Resources */ = {isa = PBXBuildFile; fileRef = A6B6A89A1AC436C600B12F04 /* home.png */; };
		A6B6A8A01AC43ECF00B12F04 /* QuyuVC.m in Sources */ = {isa = PBXBuildFile; fileRef = A6B6A89F1AC43ECF00B12F04 /* QuyuVC.m */; };
		A6BB684C1AC6848000DF1723 /* MoreDemandVC.m in Sources */ = {isa = PBXBuildFile; fileRef = A6BB684A1AC6848000DF1723 /* MoreDemandVC.m */; };
		A6BB684D1AC6848000DF1723 /* MoreDemandVC.xib in Resources */ = {isa = PBXBuildFile; fileRef = A6BB684B1AC6848000DF1723 /* MoreDemandVC.xib */; };
		A6BB68501AC9232100DF1723 /* select_cut.png in Resources */ = {isa = PBXBuildFile; fileRef = A6BB684E1AC9232100DF1723 /* select_cut.png */; };
		A6BB68511AC9232100DF1723 /* select_plus.png in Resources */ = {isa = PBXBuildFile; fileRef = A6BB684F1AC9232100DF1723 /* select_plus.png */; };
		A6BB68541AC930BA00DF1723 /* select_hover_min.jpg in Resources */ = {isa = PBXBuildFile; fileRef = A6BB68521AC930BA00DF1723 /* select_hover_min.jpg */; };
		A6BB68551AC930BA00DF1723 /* select_min.jpg in Resources */ = {isa = PBXBuildFile; fileRef = A6BB68531AC930BA00DF1723 /* select_min.jpg */; };
		A6BB68591AC9359800DF1723 /* XiaohaopinVC.m in Sources */ = {isa = PBXBuildFile; fileRef = A6BB68571AC9359800DF1723 /* XiaohaopinVC.m */; };
		A6BB685A1AC9359800DF1723 /* XiaohaopinVC.xib in Resources */ = {isa = PBXBuildFile; fileRef = A6BB68581AC9359800DF1723 /* XiaohaopinVC.xib */; };
		A6BB685C1AC9376F00DF1723 /* progress_loading_image.png in Resources */ = {isa = PBXBuildFile; fileRef = A6BB685B1AC9376F00DF1723 /* progress_loading_image.png */; };
		A6BB685E1ACAD1E300DF1723 /* arrow_down.png in Resources */ = {isa = PBXBuildFile; fileRef = A6BB685D1ACAD1E300DF1723 /* arrow_down.png */; };
		A6CB3FAE1AC3E23B00C65C47 /* ChooseAddressVC.m in Sources */ = {isa = PBXBuildFile; fileRef = A6CB3FAD1AC3E23B00C65C47 /* ChooseAddressVC.m */; };
		A6CB3FB21AC3E34300C65C47 /* AddAddressCell.xib in Resources */ = {isa = PBXBuildFile; fileRef = A6CB3FB11AC3E34300C65C47 /* AddAddressCell.xib */; };
		A6CB3FB61AC3E43800C65C47 /* ChooseAddressCell.m in Sources */ = {isa = PBXBuildFile; fileRef = A6CB3FB41AC3E43800C65C47 /* ChooseAddressCell.m */; };
		A6CB3FB71AC3E43800C65C47 /* ChooseAddressCell.xib in Resources */ = {isa = PBXBuildFile; fileRef = A6CB3FB51AC3E43800C65C47 /* ChooseAddressCell.xib */; };
		A6CB3FB91AC3E7BB00C65C47 /* selected_Address.png in Resources */ = {isa = PBXBuildFile; fileRef = A6CB3FB81AC3E7BB00C65C47 /* selected_Address.png */; };
		A6CB3FBD1AC3E82D00C65C47 /* unselected_Address.png in Resources */ = {isa = PBXBuildFile; fileRef = A6CB3FBB1AC3E82D00C65C47 /* unselected_Address.png */; };
		A6CB3FBF1AC3EB5000C65C47 /* add_Address.png in Resources */ = {isa = PBXBuildFile; fileRef = A6CB3FBE1AC3EB5000C65C47 /* add_Address.png */; };
		B01EC03E1ACA68660049FC7D /* MoreSettingVC.m in Sources */ = {isa = PBXBuildFile; fileRef = B01EC03D1ACA68660049FC7D /* MoreSettingVC.m */; };
		B01EC0411ACA68EC0049FC7D /* UserProblemsVC.m in Sources */ = {isa = PBXBuildFile; fileRef = B01EC0401ACA68EC0049FC7D /* UserProblemsVC.m */; };
		B01EC0441ACA69490049FC7D /* UserProtocolVC.m in Sources */ = {isa = PBXBuildFile; fileRef = B01EC0431ACA69490049FC7D /* UserProtocolVC.m */; };
		B01EC0471ACA695F0049FC7D /* SoftwareUpdateVC.m in Sources */ = {isa = PBXBuildFile; fileRef = B01EC0461ACA695F0049FC7D /* SoftwareUpdateVC.m */; };
		B01EC04A1ACA697A0049FC7D /* AboutVC.m in Sources */ = {isa = PBXBuildFile; fileRef = B01EC0491ACA697A0049FC7D /* AboutVC.m */; };
		B0735C0C1AC25350005A3E82 /* icon_adress.png in Resources */ = {isa = PBXBuildFile; fileRef = B0735C091AC25350005A3E82 /* icon_adress.png */; };
		B0735C0D1AC25350005A3E82 /* icon_home.png in Resources */ = {isa = PBXBuildFile; fileRef = B0735C0A1AC25350005A3E82 /* icon_home.png */; };
		B0735C0E1AC25350005A3E82 /* icon_time.png in Resources */ = {isa = PBXBuildFile; fileRef = B0735C0B1AC25350005A3E82 /* icon_time.png */; };
		B0735C111AC25495005A3E82 /* MyAccountTVC.m in Sources */ = {isa = PBXBuildFile; fileRef = B0735C101AC25495005A3E82 /* MyAccountTVC.m */; };
		B0735C131AC25AA4005A3E82 /* mybgpic@2x.png in Resources */ = {isa = PBXBuildFile; fileRef = B0735C121AC25AA4005A3E82 /* mybgpic@2x.png */; };
		B0735C161AC25BEF005A3E82 /* GoldenIconActivityVC.m in Sources */ = {isa = PBXBuildFile; fileRef = B0735C151AC25BEF005A3E82 /* GoldenIconActivityVC.m */; };
		B0735C191AC25C0D005A3E82 /* AccountDetailVC.m in Sources */ = {isa = PBXBuildFile; fileRef = B0735C181AC25C0D005A3E82 /* AccountDetailVC.m */; };
		B0735C1C1AC25C32005A3E82 /* ShareToFriendsVC.m in Sources */ = {isa = PBXBuildFile; fileRef = B0735C1B1AC25C32005A3E82 /* ShareToFriendsVC.m */; };
		B0735C1F1AC25C44005A3E82 /* FeedBackVC.m in Sources */ = {isa = PBXBuildFile; fileRef = B0735C1E1AC25C44005A3E82 /* FeedBackVC.m */; };
		B0735C221AC25C9C005A3E82 /* AvailableCitiesVC.m in Sources */ = {isa = PBXBuildFile; fileRef = B0735C211AC25C9C005A3E82 /* AvailableCitiesVC.m */; };
		B0735C2A1AC273C4005A3E82 /* join_04.png in Resources */ = {isa = PBXBuildFile; fileRef = B0735C261AC273C4005A3E82 /* join_04.png */; };
		B0735C2B1AC273C4005A3E82 /* join_05.png in Resources */ = {isa = PBXBuildFile; fileRef = B0735C271AC273C4005A3E82 /* join_05.png */; };
		B0735C2C1AC273C4005A3E82 /* join_06.png in Resources */ = {isa = PBXBuildFile; fileRef = B0735C281AC273C4005A3E82 /* join_06.png */; };
		B0735C2D1AC273C4005A3E82 /* join_07.png in Resources */ = {isa = PBXBuildFile; fileRef = B0735C291AC273C4005A3E82 /* join_07.png */; };
		B0A5D3571ACBAE0F00D60958 /* GoldenIconTradeRecordVC.m in Sources */ = {isa = PBXBuildFile; fileRef = B0A5D3561ACBAE0F00D60958 /* GoldenIconTradeRecordVC.m */; };
		B0A5D35A1ACBAE4A00D60958 /* GoldenIconExchangeVC.m in Sources */ = {isa = PBXBuildFile; fileRef = B0A5D3591ACBAE4A00D60958 /* GoldenIconExchangeVC.m */; };
		B0A5D35D1ACBAEC400D60958 /* AccountRechargeRecordVC.m in Sources */ = {isa = PBXBuildFile; fileRef = B0A5D35C1ACBAEC400D60958 /* AccountRechargeRecordVC.m */; };
		B0A5D3601ACBAEF500D60958 /* AccountExpenseRecordVC.m in Sources */ = {isa = PBXBuildFile; fileRef = B0A5D35F1ACBAEF500D60958 /* AccountExpenseRecordVC.m */; };
		B0A5D3631ACBAF2E00D60958 /* AccountRechargeVC.m in Sources */ = {isa = PBXBuildFile; fileRef = B0A5D3621ACBAF2E00D60958 /* AccountRechargeVC.m */; };
		B0A5D3661ACBAF7D00D60958 /* AccountFamilyStewardVC.m in Sources */ = {isa = PBXBuildFile; fileRef = B0A5D3651ACBAF7D00D60958 /* AccountFamilyStewardVC.m */; };
		B0F681EE1AC6740B008DBE63 /* LoginVC.m in Sources */ = {isa = PBXBuildFile; fileRef = B0F681ED1AC6740B008DBE63 /* LoginVC.m */; };
/* End PBXBuildFile section */

/* Begin PBXContainerItemProxy section */
		A696C4EC1AC1A5D900A860AD /* PBXContainerItemProxy */ = {
			isa = PBXContainerItemProxy;
			containerPortal = A696C4CA1AC1A5D900A860AD /* Project object */;
			proxyType = 1;
			remoteGlobalIDString = A696C4D11AC1A5D900A860AD;
			remoteInfo = BeautyHouse_iphone;
		};
/* End PBXContainerItemProxy section */

/* Begin PBXFileReference section */
		A6694CBC1AD2AA0E00339A2B /* GTMBase64.h */ = {isa = PBXFileReference; fileEncoding = 4; lastKnownFileType = sourcecode.c.h; path = GTMBase64.h; sourceTree = "<group>"; };
		A6694CBD1AD2AA0E00339A2B /* GTMBase64.m */ = {isa = PBXFileReference; fileEncoding = 4; lastKnownFileType = sourcecode.c.objc; path = GTMBase64.m; sourceTree = "<group>"; };
		A6694CBE1AD2AA0E00339A2B /* GTMDefines.h */ = {isa = PBXFileReference; fileEncoding = 4; lastKnownFileType = sourcecode.c.h; path = GTMDefines.h; sourceTree = "<group>"; };
		A6694CC01AD2B41900339A2B /* MzbAddress.h */ = {isa = PBXFileReference; fileEncoding = 4; lastKnownFileType = sourcecode.c.h; path = MzbAddress.h; sourceTree = "<group>"; };
		A6694CC11AD2B41900339A2B /* MzbAddress.m */ = {isa = PBXFileReference; fileEncoding = 4; lastKnownFileType = sourcecode.c.objc; path = MzbAddress.m; sourceTree = "<group>"; };
		A6694CC41AD40C9D00339A2B /* timeline_green.png */ = {isa = PBXFileReference; lastKnownFileType = image.png; path = timeline_green.png; sourceTree = "<group>"; };
		A66C50A71AC25313003E146F /* MzbAd.h */ = {isa = PBXFileReference; fileEncoding = 4; lastKnownFileType = sourcecode.c.h; path = MzbAd.h; sourceTree = "<group>"; };
		A66C50A81AC25313003E146F /* MzbAd.m */ = {isa = PBXFileReference; fileEncoding = 4; lastKnownFileType = sourcecode.c.objc; path = MzbAd.m; sourceTree = "<group>"; };
		A66C50AA1AC262A0003E146F /* mybgpic.png */ = {isa = PBXFileReference; lastKnownFileType = image.png; path = mybgpic.png; sourceTree = "<group>"; };
		A66C50AC1AC262EF003E146F /* AllServiceVC.h */ = {isa = PBXFileReference; fileEncoding = 4; lastKnownFileType = sourcecode.c.h; path = AllServiceVC.h; sourceTree = "<group>"; };
		A66C50AD1AC262EF003E146F /* AllServiceVC.m */ = {isa = PBXFileReference; fileEncoding = 4; lastKnownFileType = sourcecode.c.objc; path = AllServiceVC.m; sourceTree = "<group>"; };
		A66C50AE1AC262EF003E146F /* AllServiceVC.xib */ = {isa = PBXFileReference; fileEncoding = 4; lastKnownFileType = file.xib; path = AllServiceVC.xib; sourceTree = "<group>"; };
		A66C50B11AC2686C003E146F /* AllServiceCell.h */ = {isa = PBXFileReference; fileEncoding = 4; lastKnownFileType = sourcecode.c.h; path = AllServiceCell.h; sourceTree = "<group>"; };
		A66C50B21AC2686C003E146F /* AllServiceCell.m */ = {isa = PBXFileReference; fileEncoding = 4; lastKnownFileType = sourcecode.c.objc; path = AllServiceCell.m; sourceTree = "<group>"; };
		A66C50B31AC2686C003E146F /* AllServiceCell.xib */ = {isa = PBXFileReference; fileEncoding = 4; lastKnownFileType = file.xib; path = AllServiceCell.xib; sourceTree = "<group>"; };
		A66C50B61AC272D1003E146F /* AllServiceButton.h */ = {isa = PBXFileReference; fileEncoding = 4; lastKnownFileType = sourcecode.c.h; path = AllServiceButton.h; sourceTree = "<group>"; };
		A66C50B71AC272D1003E146F /* AllServiceButton.m */ = {isa = PBXFileReference; fileEncoding = 4; lastKnownFileType = sourcecode.c.objc; path = AllServiceButton.m; sourceTree = "<group>"; };
		A696C4D21AC1A5D900A860AD /* BeautyHouse_iphone.app */ = {isa = PBXFileReference; explicitFileType = wrapper.application; includeInIndex = 0; path = BeautyHouse_iphone.app; sourceTree = BUILT_PRODUCTS_DIR; };
		A696C4D61AC1A5D900A860AD /* Info.plist */ = {isa = PBXFileReference; lastKnownFileType = text.plist.xml; path = Info.plist; sourceTree = "<group>"; };
		A696C4D71AC1A5D900A860AD /* main.m */ = {isa = PBXFileReference; lastKnownFileType = sourcecode.c.objc; path = main.m; sourceTree = "<group>"; };
		A696C4E21AC1A5D900A860AD /* Images.xcassets */ = {isa = PBXFileReference; lastKnownFileType = folder.assetcatalog; path = Images.xcassets; sourceTree = "<group>"; };
		A696C4EB1AC1A5D900A860AD /* BeautyHouse_iphoneTests.xctest */ = {isa = PBXFileReference; explicitFileType = wrapper.cfbundle; includeInIndex = 0; path = BeautyHouse_iphoneTests.xctest; sourceTree = BUILT_PRODUCTS_DIR; };
		A696C4F01AC1A5D900A860AD /* Info.plist */ = {isa = PBXFileReference; lastKnownFileType = text.plist.xml; path = Info.plist; sourceTree = "<group>"; };
		A696C4F11AC1A5D900A860AD /* BeautyHouse_iphoneTests.m */ = {isa = PBXFileReference; lastKnownFileType = sourcecode.c.objc; path = BeautyHouse_iphoneTests.m; sourceTree = "<group>"; };
		A696C4FE1AC1A73500A860AD /* AppDelegate.h */ = {isa = PBXFileReference; fileEncoding = 4; lastKnownFileType = sourcecode.c.h; path = AppDelegate.h; sourceTree = "<group>"; };
		A696C4FF1AC1A73500A860AD /* AppDelegate.m */ = {isa = PBXFileReference; fileEncoding = 4; lastKnownFileType = sourcecode.c.objc; path = AppDelegate.m; sourceTree = "<group>"; };
		A696C5011AC1A73500A860AD /* Base */ = {isa = PBXFileReference; lastKnownFileType = file.storyboard; name = Base; path = Base.lproj/Main.storyboard; sourceTree = "<group>"; };
		A696C5151AC1A8C200A860AD /* Common.h */ = {isa = PBXFileReference; fileEncoding = 4; lastKnownFileType = sourcecode.c.h; path = Common.h; sourceTree = "<group>"; };
		A696C5161AC1A8C200A860AD /* MyPaser.h */ = {isa = PBXFileReference; fileEncoding = 4; lastKnownFileType = sourcecode.c.h; path = MyPaser.h; sourceTree = "<group>"; };
		A696C5171AC1A8C200A860AD /* MyPaser.m */ = {isa = PBXFileReference; fileEncoding = 4; lastKnownFileType = sourcecode.c.objc; path = MyPaser.m; sourceTree = "<group>"; };
		A696C5181AC1A8C200A860AD /* MZBWebService.h */ = {isa = PBXFileReference; fileEncoding = 4; lastKnownFileType = sourcecode.c.h; path = MZBWebService.h; sourceTree = "<group>"; };
		A696C5191AC1A8C200A860AD /* MZBWebService.m */ = {isa = PBXFileReference; fileEncoding = 4; lastKnownFileType = sourcecode.c.objc; path = MZBWebService.m; sourceTree = "<group>"; };
		A696C51C1AC1A8D900A860AD /* BaseNavigationController.h */ = {isa = PBXFileReference; fileEncoding = 4; lastKnownFileType = sourcecode.c.h; path = BaseNavigationController.h; sourceTree = "<group>"; };
		A696C51D1AC1A8D900A860AD /* BaseNavigationController.m */ = {isa = PBXFileReference; fileEncoding = 4; lastKnownFileType = sourcecode.c.objc; path = BaseNavigationController.m; sourceTree = "<group>"; };
		A696C51E1AC1A8D900A860AD /* BaseTVC.h */ = {isa = PBXFileReference; fileEncoding = 4; lastKnownFileType = sourcecode.c.h; path = BaseTVC.h; sourceTree = "<group>"; };
		A696C51F1AC1A8D900A860AD /* BaseTVC.m */ = {isa = PBXFileReference; fileEncoding = 4; lastKnownFileType = sourcecode.c.objc; path = BaseTVC.m; sourceTree = "<group>"; };
		A696C5201AC1A8D900A860AD /* BaseViewController.h */ = {isa = PBXFileReference; fileEncoding = 4; lastKnownFileType = sourcecode.c.h; path = BaseViewController.h; sourceTree = "<group>"; };
		A696C5211AC1A8D900A860AD /* BaseViewController.m */ = {isa = PBXFileReference; fileEncoding = 4; lastKnownFileType = sourcecode.c.objc; path = BaseViewController.m; sourceTree = "<group>"; };
		A696C5251AC1A8E800A860AD /* HomeService.h */ = {isa = PBXFileReference; fileEncoding = 4; lastKnownFileType = sourcecode.c.h; path = HomeService.h; sourceTree = "<group>"; };
		A696C5261AC1A8E800A860AD /* HomeService.m */ = {isa = PBXFileReference; fileEncoding = 4; lastKnownFileType = sourcecode.c.objc; path = HomeService.m; sourceTree = "<group>"; };
		A696C5271AC1A8E800A860AD /* MyOrderVO.h */ = {isa = PBXFileReference; fileEncoding = 4; lastKnownFileType = sourcecode.c.h; path = MyOrderVO.h; sourceTree = "<group>"; };
		A696C5281AC1A8E800A860AD /* MyOrderVO.m */ = {isa = PBXFileReference; fileEncoding = 4; lastKnownFileType = sourcecode.c.objc; path = MyOrderVO.m; sourceTree = "<group>"; };
		A696C5291AC1A8E800A860AD /* MzbService.h */ = {isa = PBXFileReference; fileEncoding = 4; lastKnownFileType = sourcecode.c.h; path = MzbService.h; sourceTree = "<group>"; };
		A696C52A1AC1A8E800A860AD /* MzbService.m */ = {isa = PBXFileReference; fileEncoding = 4; lastKnownFileType = sourcecode.c.objc; path = MzbService.m; sourceTree = "<group>"; };
		A696C52F1AC1A8F300A860AD /* AFHTTPRequestOperation.h */ = {isa = PBXFileReference; fileEncoding = 4; lastKnownFileType = sourcecode.c.h; path = AFHTTPRequestOperation.h; sourceTree = "<group>"; };
		A696C5301AC1A8F300A860AD /* AFHTTPRequestOperation.m */ = {isa = PBXFileReference; fileEncoding = 4; lastKnownFileType = sourcecode.c.objc; path = AFHTTPRequestOperation.m; sourceTree = "<group>"; };
		A696C5311AC1A8F300A860AD /* AFHTTPRequestOperationManager.h */ = {isa = PBXFileReference; fileEncoding = 4; lastKnownFileType = sourcecode.c.h; path = AFHTTPRequestOperationManager.h; sourceTree = "<group>"; };
		A696C5321AC1A8F300A860AD /* AFHTTPRequestOperationManager.m */ = {isa = PBXFileReference; fileEncoding = 4; lastKnownFileType = sourcecode.c.objc; path = AFHTTPRequestOperationManager.m; sourceTree = "<group>"; };
		A696C5331AC1A8F300A860AD /* AFHTTPSessionManager.h */ = {isa = PBXFileReference; fileEncoding = 4; lastKnownFileType = sourcecode.c.h; path = AFHTTPSessionManager.h; sourceTree = "<group>"; };
		A696C5341AC1A8F300A860AD /* AFHTTPSessionManager.m */ = {isa = PBXFileReference; fileEncoding = 4; lastKnownFileType = sourcecode.c.objc; path = AFHTTPSessionManager.m; sourceTree = "<group>"; };
		A696C5351AC1A8F300A860AD /* AFNetworking.h */ = {isa = PBXFileReference; fileEncoding = 4; lastKnownFileType = sourcecode.c.h; path = AFNetworking.h; sourceTree = "<group>"; };
		A696C5361AC1A8F300A860AD /* AFNetworkReachabilityManager.h */ = {isa = PBXFileReference; fileEncoding = 4; lastKnownFileType = sourcecode.c.h; path = AFNetworkReachabilityManager.h; sourceTree = "<group>"; };
		A696C5371AC1A8F300A860AD /* AFNetworkReachabilityManager.m */ = {isa = PBXFileReference; fileEncoding = 4; lastKnownFileType = sourcecode.c.objc; path = AFNetworkReachabilityManager.m; sourceTree = "<group>"; };
		A696C5381AC1A8F300A860AD /* AFSecurityPolicy.h */ = {isa = PBXFileReference; fileEncoding = 4; lastKnownFileType = sourcecode.c.h; path = AFSecurityPolicy.h; sourceTree = "<group>"; };
		A696C5391AC1A8F300A860AD /* AFSecurityPolicy.m */ = {isa = PBXFileReference; fileEncoding = 4; lastKnownFileType = sourcecode.c.objc; path = AFSecurityPolicy.m; sourceTree = "<group>"; };
		A696C53A1AC1A8F300A860AD /* AFURLConnectionOperation.h */ = {isa = PBXFileReference; fileEncoding = 4; lastKnownFileType = sourcecode.c.h; path = AFURLConnectionOperation.h; sourceTree = "<group>"; };
		A696C53B1AC1A8F300A860AD /* AFURLConnectionOperation.m */ = {isa = PBXFileReference; fileEncoding = 4; lastKnownFileType = sourcecode.c.objc; path = AFURLConnectionOperation.m; sourceTree = "<group>"; };
		A696C53C1AC1A8F300A860AD /* AFURLRequestSerialization.h */ = {isa = PBXFileReference; fileEncoding = 4; lastKnownFileType = sourcecode.c.h; path = AFURLRequestSerialization.h; sourceTree = "<group>"; };
		A696C53D1AC1A8F300A860AD /* AFURLRequestSerialization.m */ = {isa = PBXFileReference; fileEncoding = 4; lastKnownFileType = sourcecode.c.objc; path = AFURLRequestSerialization.m; sourceTree = "<group>"; };
		A696C53E1AC1A8F300A860AD /* AFURLResponseSerialization.h */ = {isa = PBXFileReference; fileEncoding = 4; lastKnownFileType = sourcecode.c.h; path = AFURLResponseSerialization.h; sourceTree = "<group>"; };
		A696C53F1AC1A8F300A860AD /* AFURLResponseSerialization.m */ = {isa = PBXFileReference; fileEncoding = 4; lastKnownFileType = sourcecode.c.objc; path = AFURLResponseSerialization.m; sourceTree = "<group>"; };
		A696C5401AC1A8F300A860AD /* AFURLSessionManager.h */ = {isa = PBXFileReference; fileEncoding = 4; lastKnownFileType = sourcecode.c.h; path = AFURLSessionManager.h; sourceTree = "<group>"; };
		A696C5411AC1A8F300A860AD /* AFURLSessionManager.m */ = {isa = PBXFileReference; fileEncoding = 4; lastKnownFileType = sourcecode.c.objc; path = AFURLSessionManager.m; sourceTree = "<group>"; };
		A696C5431AC1A8F400A860AD /* AFNetworkActivityIndicatorManager.h */ = {isa = PBXFileReference; fileEncoding = 4; lastKnownFileType = sourcecode.c.h; path = AFNetworkActivityIndicatorManager.h; sourceTree = "<group>"; };
		A696C5441AC1A8F400A860AD /* AFNetworkActivityIndicatorManager.m */ = {isa = PBXFileReference; fileEncoding = 4; lastKnownFileType = sourcecode.c.objc; path = AFNetworkActivityIndicatorManager.m; sourceTree = "<group>"; };
		A696C5451AC1A8F400A860AD /* UIActivityIndicatorView+AFNetworking.h */ = {isa = PBXFileReference; fileEncoding = 4; lastKnownFileType = sourcecode.c.h; path = "UIActivityIndicatorView+AFNetworking.h"; sourceTree = "<group>"; };
		A696C5461AC1A8F400A860AD /* UIActivityIndicatorView+AFNetworking.m */ = {isa = PBXFileReference; fileEncoding = 4; lastKnownFileType = sourcecode.c.objc; path = "UIActivityIndicatorView+AFNetworking.m"; sourceTree = "<group>"; };
		A696C5471AC1A8F400A860AD /* UIAlertView+AFNetworking.h */ = {isa = PBXFileReference; fileEncoding = 4; lastKnownFileType = sourcecode.c.h; path = "UIAlertView+AFNetworking.h"; sourceTree = "<group>"; };
		A696C5481AC1A8F400A860AD /* UIAlertView+AFNetworking.m */ = {isa = PBXFileReference; fileEncoding = 4; lastKnownFileType = sourcecode.c.objc; path = "UIAlertView+AFNetworking.m"; sourceTree = "<group>"; };
		A696C5491AC1A8F400A860AD /* UIButton+AFNetworking.h */ = {isa = PBXFileReference; fileEncoding = 4; lastKnownFileType = sourcecode.c.h; path = "UIButton+AFNetworking.h"; sourceTree = "<group>"; };
		A696C54A1AC1A8F400A860AD /* UIButton+AFNetworking.m */ = {isa = PBXFileReference; fileEncoding = 4; lastKnownFileType = sourcecode.c.objc; path = "UIButton+AFNetworking.m"; sourceTree = "<group>"; };
		A696C54B1AC1A8F400A860AD /* UIImageView+AFNetworking.h */ = {isa = PBXFileReference; fileEncoding = 4; lastKnownFileType = sourcecode.c.h; path = "UIImageView+AFNetworking.h"; sourceTree = "<group>"; };
		A696C54C1AC1A8F400A860AD /* UIImageView+AFNetworking.m */ = {isa = PBXFileReference; fileEncoding = 4; lastKnownFileType = sourcecode.c.objc; path = "UIImageView+AFNetworking.m"; sourceTree = "<group>"; };
		A696C54D1AC1A8F400A860AD /* UIKit+AFNetworking.h */ = {isa = PBXFileReference; fileEncoding = 4; lastKnownFileType = sourcecode.c.h; path = "UIKit+AFNetworking.h"; sourceTree = "<group>"; };
		A696C54E1AC1A8F400A860AD /* UIProgressView+AFNetworking.h */ = {isa = PBXFileReference; fileEncoding = 4; lastKnownFileType = sourcecode.c.h; path = "UIProgressView+AFNetworking.h"; sourceTree = "<group>"; };
		A696C54F1AC1A8F400A860AD /* UIProgressView+AFNetworking.m */ = {isa = PBXFileReference; fileEncoding = 4; lastKnownFileType = sourcecode.c.objc; path = "UIProgressView+AFNetworking.m"; sourceTree = "<group>"; };
		A696C5501AC1A8F400A860AD /* UIRefreshControl+AFNetworking.h */ = {isa = PBXFileReference; fileEncoding = 4; lastKnownFileType = sourcecode.c.h; path = "UIRefreshControl+AFNetworking.h"; sourceTree = "<group>"; };
		A696C5511AC1A8F400A860AD /* UIRefreshControl+AFNetworking.m */ = {isa = PBXFileReference; fileEncoding = 4; lastKnownFileType = sourcecode.c.objc; path = "UIRefreshControl+AFNetworking.m"; sourceTree = "<group>"; };
		A696C5521AC1A8F400A860AD /* UIWebView+AFNetworking.h */ = {isa = PBXFileReference; fileEncoding = 4; lastKnownFileType = sourcecode.c.h; path = "UIWebView+AFNetworking.h"; sourceTree = "<group>"; };
		A696C5531AC1A8F400A860AD /* UIWebView+AFNetworking.m */ = {isa = PBXFileReference; fileEncoding = 4; lastKnownFileType = sourcecode.c.objc; path = "UIWebView+AFNetworking.m"; sourceTree = "<group>"; };
		A696C5651AC1A91900A860AD /* HomeAdCell.h */ = {isa = PBXFileReference; fileEncoding = 4; lastKnownFileType = sourcecode.c.h; path = HomeAdCell.h; sourceTree = "<group>"; };
		A696C5661AC1A91900A860AD /* HomeAdCell.m */ = {isa = PBXFileReference; fileEncoding = 4; lastKnownFileType = sourcecode.c.objc; path = HomeAdCell.m; sourceTree = "<group>"; };
		A696C5671AC1A91900A860AD /* HomeBtnCell.h */ = {isa = PBXFileReference; fileEncoding = 4; lastKnownFileType = sourcecode.c.h; path = HomeBtnCell.h; sourceTree = "<group>"; };
		A696C5681AC1A91900A860AD /* HomeBtnCell.m */ = {isa = PBXFileReference; fileEncoding = 4; lastKnownFileType = sourcecode.c.objc; path = HomeBtnCell.m; sourceTree = "<group>"; };
		A696C5691AC1A91900A860AD /* HomeButton.h */ = {isa = PBXFileReference; fileEncoding = 4; lastKnownFileType = sourcecode.c.h; path = HomeButton.h; sourceTree = "<group>"; };
		A696C56A1AC1A91900A860AD /* HomeButton.m */ = {isa = PBXFileReference; fileEncoding = 4; lastKnownFileType = sourcecode.c.objc; path = HomeButton.m; sourceTree = "<group>"; };
		A696C56B1AC1A91900A860AD /* HomeTableVC.h */ = {isa = PBXFileReference; fileEncoding = 4; lastKnownFileType = sourcecode.c.h; path = HomeTableVC.h; sourceTree = "<group>"; };
		A696C56C1AC1A91900A860AD /* HomeTableVC.m */ = {isa = PBXFileReference; fileEncoding = 4; lastKnownFileType = sourcecode.c.objc; path = HomeTableVC.m; sourceTree = "<group>"; };
		A696C56E1AC1A91900A860AD /* RMDateSelectionViewController.h */ = {isa = PBXFileReference; fileEncoding = 4; lastKnownFileType = sourcecode.c.h; path = RMDateSelectionViewController.h; sourceTree = "<group>"; };
		A696C56F1AC1A91900A860AD /* RMDateSelectionViewController.m */ = {isa = PBXFileReference; fileEncoding = 4; lastKnownFileType = sourcecode.c.objc; path = RMDateSelectionViewController.m; sourceTree = "<group>"; };
		A696C5701AC1A91900A860AD /* RMDateSelectionViewController.xib */ = {isa = PBXFileReference; fileEncoding = 4; lastKnownFileType = file.xib; path = RMDateSelectionViewController.xib; sourceTree = "<group>"; };
		A696C5721AC1A91900A860AD /* CleanerVC.h */ = {isa = PBXFileReference; fileEncoding = 4; lastKnownFileType = sourcecode.c.h; path = CleanerVC.h; sourceTree = "<group>"; };
		A696C5731AC1A91900A860AD /* CleanerVC.m */ = {isa = PBXFileReference; fileEncoding = 4; lastKnownFileType = sourcecode.c.objc; path = CleanerVC.m; sourceTree = "<group>"; };
		A696C5741AC1A91900A860AD /* CleanerVC.xib */ = {isa = PBXFileReference; fileEncoding = 4; lastKnownFileType = file.xib; path = CleanerVC.xib; sourceTree = "<group>"; };
		A696C5751AC1A91900A860AD /* CurtainCareVC.h */ = {isa = PBXFileReference; fileEncoding = 4; lastKnownFileType = sourcecode.c.h; path = CurtainCareVC.h; sourceTree = "<group>"; };
		A696C5761AC1A91900A860AD /* CurtainCareVC.m */ = {isa = PBXFileReference; fileEncoding = 4; lastKnownFileType = sourcecode.c.objc; path = CurtainCareVC.m; sourceTree = "<group>"; };
		A696C5771AC1A91900A860AD /* CurtainCareVC.xib */ = {isa = PBXFileReference; fileEncoding = 4; lastKnownFileType = file.xib; path = CurtainCareVC.xib; sourceTree = "<group>"; };
		A696C5781AC1A91900A860AD /* FloorCareVC.h */ = {isa = PBXFileReference; fileEncoding = 4; lastKnownFileType = sourcecode.c.h; path = FloorCareVC.h; sourceTree = "<group>"; };
		A696C5791AC1A91900A860AD /* FloorCareVC.m */ = {isa = PBXFileReference; fileEncoding = 4; lastKnownFileType = sourcecode.c.objc; path = FloorCareVC.m; sourceTree = "<group>"; };
		A696C57A1AC1A91900A860AD /* FloorCareVC.xib */ = {isa = PBXFileReference; fileEncoding = 4; lastKnownFileType = file.xib; path = FloorCareVC.xib; sourceTree = "<group>"; };
		A696C57B1AC1A91900A860AD /* NewHouseCareVC.h */ = {isa = PBXFileReference; fileEncoding = 4; lastKnownFileType = sourcecode.c.h; path = NewHouseCareVC.h; sourceTree = "<group>"; };
		A696C57C1AC1A91900A860AD /* NewHouseCareVC.m */ = {isa = PBXFileReference; fileEncoding = 4; lastKnownFileType = sourcecode.c.objc; path = NewHouseCareVC.m; sourceTree = "<group>"; };
		A696C57D1AC1A91900A860AD /* NewHouseCareVC.xib */ = {isa = PBXFileReference; fileEncoding = 4; lastKnownFileType = file.xib; path = NewHouseCareVC.xib; sourceTree = "<group>"; };
		A696C57E1AC1A91900A860AD /* NurseVC.h */ = {isa = PBXFileReference; fileEncoding = 4; lastKnownFileType = sourcecode.c.h; path = NurseVC.h; sourceTree = "<group>"; };
		A696C57F1AC1A91900A860AD /* NurseVC.m */ = {isa = PBXFileReference; fileEncoding = 4; lastKnownFileType = sourcecode.c.objc; path = NurseVC.m; sourceTree = "<group>"; };
		A696C5801AC1A91900A860AD /* NurseVC.xib */ = {isa = PBXFileReference; fileEncoding = 4; lastKnownFileType = file.xib; path = NurseVC.xib; sourceTree = "<group>"; };
		A696C5811AC1A91900A860AD /* ServiceIntroductionVC.h */ = {isa = PBXFileReference; fileEncoding = 4; lastKnownFileType = sourcecode.c.h; path = ServiceIntroductionVC.h; sourceTree = "<group>"; };
		A696C5821AC1A91900A860AD /* ServiceIntroductionVC.m */ = {isa = PBXFileReference; fileEncoding = 4; lastKnownFileType = sourcecode.c.objc; path = ServiceIntroductionVC.m; sourceTree = "<group>"; };
		A696C5831AC1A91900A860AD /* ServiceIntroductionVC.xib */ = {isa = PBXFileReference; fileEncoding = 4; lastKnownFileType = file.xib; path = ServiceIntroductionVC.xib; sourceTree = "<group>"; };
		A696C5961AC1A93300A860AD /* MemberCenterJoinTVC.h */ = {isa = PBXFileReference; fileEncoding = 4; lastKnownFileType = sourcecode.c.h; path = MemberCenterJoinTVC.h; sourceTree = "<group>"; };
		A696C5971AC1A93300A860AD /* MemberCenterJoinTVC.m */ = {isa = PBXFileReference; fileEncoding = 4; lastKnownFileType = sourcecode.c.objc; path = MemberCenterJoinTVC.m; sourceTree = "<group>"; };
		A696C5981AC1A93300A860AD /* MemberCenterPrivilegeTVC.h */ = {isa = PBXFileReference; fileEncoding = 4; lastKnownFileType = sourcecode.c.h; path = MemberCenterPrivilegeTVC.h; sourceTree = "<group>"; };
		A696C5991AC1A93300A860AD /* MemberCenterPrivilegeTVC.m */ = {isa = PBXFileReference; fileEncoding = 4; lastKnownFileType = sourcecode.c.objc; path = MemberCenterPrivilegeTVC.m; sourceTree = "<group>"; };
		A696C59A1AC1A93300A860AD /* MemberCenterVC.h */ = {isa = PBXFileReference; fileEncoding = 4; lastKnownFileType = sourcecode.c.h; path = MemberCenterVC.h; sourceTree = "<group>"; };
		A696C59B1AC1A93300A860AD /* MemberCenterVC.m */ = {isa = PBXFileReference; fileEncoding = 4; lastKnownFileType = sourcecode.c.objc; path = MemberCenterVC.m; sourceTree = "<group>"; };
		A696C59F1AC1A93E00A860AD /* MyAccountVC.h */ = {isa = PBXFileReference; fileEncoding = 4; lastKnownFileType = sourcecode.c.h; path = MyAccountVC.h; sourceTree = "<group>"; };
		A696C5A01AC1A93E00A860AD /* MyAccountVC.m */ = {isa = PBXFileReference; fileEncoding = 4; lastKnownFileType = sourcecode.c.objc; path = MyAccountVC.m; sourceTree = "<group>"; };
		A696C5A21AC1A94C00A860AD /* MyOrderTVC.h */ = {isa = PBXFileReference; fileEncoding = 4; lastKnownFileType = sourcecode.c.h; path = MyOrderTVC.h; sourceTree = "<group>"; };
		A696C5A31AC1A94C00A860AD /* MyOrderTVC.m */ = {isa = PBXFileReference; fileEncoding = 4; lastKnownFileType = sourcecode.c.objc; path = MyOrderTVC.m; sourceTree = "<group>"; };
		A696C5A41AC1A94C00A860AD /* MyOrderVC.h */ = {isa = PBXFileReference; fileEncoding = 4; lastKnownFileType = sourcecode.c.h; path = MyOrderVC.h; sourceTree = "<group>"; };
		A696C5A51AC1A94C00A860AD /* MyOrderVC.m */ = {isa = PBXFileReference; fileEncoding = 4; lastKnownFileType = sourcecode.c.objc; path = MyOrderVC.m; sourceTree = "<group>"; };
		A696C5A81AC1A97200A860AD /* tab_home@2x.png */ = {isa = PBXFileReference; lastKnownFileType = image.png; path = "tab_home@2x.png"; sourceTree = "<group>"; };
		A696C5A91AC1A97200A860AD /* tab_member@2x.png */ = {isa = PBXFileReference; lastKnownFileType = image.png; path = "tab_member@2x.png"; sourceTree = "<group>"; };
		A696C5AA1AC1A97200A860AD /* tab_orders@2x.png */ = {isa = PBXFileReference; lastKnownFileType = image.png; path = "tab_orders@2x.png"; sourceTree = "<group>"; };
		A696C5AB1AC1A97200A860AD /* tab_owner@2x.png */ = {isa = PBXFileReference; lastKnownFileType = image.png; path = "tab_owner@2x.png"; sourceTree = "<group>"; };
		A696C5B01AC1A98300A860AD /* ad_a_1.jpg */ = {isa = PBXFileReference; lastKnownFileType = image.jpeg; path = ad_a_1.jpg; sourceTree = "<group>"; };
		A696C5B11AC1A98300A860AD /* ad_a_2.jpg */ = {isa = PBXFileReference; lastKnownFileType = image.jpeg; path = ad_a_2.jpg; sourceTree = "<group>"; };
		A696C5B21AC1A98300A860AD /* ad_a_3.jpg */ = {isa = PBXFileReference; lastKnownFileType = image.jpeg; path = ad_a_3.jpg; sourceTree = "<group>"; };
		A696C5B61AC1A9BE00A860AD /* arrow_right_gray.png */ = {isa = PBXFileReference; lastKnownFileType = image.png; path = arrow_right_gray.png; sourceTree = "<group>"; };
		A696C5B71AC1A9BE00A860AD /* nav_back.png */ = {isa = PBXFileReference; lastKnownFileType = image.png; path = nav_back.png; sourceTree = "<group>"; };
		A696C5B81AC1A9BE00A860AD /* s_phone.png */ = {isa = PBXFileReference; lastKnownFileType = image.png; path = s_phone.png; sourceTree = "<group>"; };
		A696C5B91AC1A9BE00A860AD /* time.png */ = {isa = PBXFileReference; lastKnownFileType = image.png; path = time.png; sourceTree = "<group>"; };
		A6B6A8931AC4359500B12F04 /* AddAddressVC.h */ = {isa = PBXFileReference; fileEncoding = 4; lastKnownFileType = sourcecode.c.h; path = AddAddressVC.h; sourceTree = "<group>"; };
		A6B6A8941AC4359500B12F04 /* AddAddressVC.m */ = {isa = PBXFileReference; fileEncoding = 4; lastKnownFileType = sourcecode.c.objc; path = AddAddressVC.m; sourceTree = "<group>"; };
		A6B6A8951AC4359500B12F04 /* AddAddressVC.xib */ = {isa = PBXFileReference; fileEncoding = 4; lastKnownFileType = file.xib; path = AddAddressVC.xib; sourceTree = "<group>"; };
		A6B6A8981AC436C600B12F04 /* category.png */ = {isa = PBXFileReference; lastKnownFileType = image.png; path = category.png; sourceTree = "<group>"; };
		A6B6A8991AC436C600B12F04 /* adress.png */ = {isa = PBXFileReference; lastKnownFileType = image.png; path = adress.png; sourceTree = "<group>"; };
		A6B6A89A1AC436C600B12F04 /* home.png */ = {isa = PBXFileReference; lastKnownFileType = image.png; path = home.png; sourceTree = "<group>"; };
		A6B6A89E1AC43ECF00B12F04 /* QuyuVC.h */ = {isa = PBXFileReference; fileEncoding = 4; lastKnownFileType = sourcecode.c.h; path = QuyuVC.h; sourceTree = "<group>"; };
		A6B6A89F1AC43ECF00B12F04 /* QuyuVC.m */ = {isa = PBXFileReference; fileEncoding = 4; lastKnownFileType = sourcecode.c.objc; path = QuyuVC.m; sourceTree = "<group>"; };
		A6BB68491AC6848000DF1723 /* MoreDemandVC.h */ = {isa = PBXFileReference; fileEncoding = 4; lastKnownFileType = sourcecode.c.h; path = MoreDemandVC.h; sourceTree = "<group>"; };
		A6BB684A1AC6848000DF1723 /* MoreDemandVC.m */ = {isa = PBXFileReference; fileEncoding = 4; lastKnownFileType = sourcecode.c.objc; path = MoreDemandVC.m; sourceTree = "<group>"; };
		A6BB684B1AC6848000DF1723 /* MoreDemandVC.xib */ = {isa = PBXFileReference; fileEncoding = 4; lastKnownFileType = file.xib; path = MoreDemandVC.xib; sourceTree = "<group>"; };
		A6BB684E1AC9232100DF1723 /* select_cut.png */ = {isa = PBXFileReference; lastKnownFileType = image.png; path = select_cut.png; sourceTree = "<group>"; };
		A6BB684F1AC9232100DF1723 /* select_plus.png */ = {isa = PBXFileReference; lastKnownFileType = image.png; path = select_plus.png; sourceTree = "<group>"; };
		A6BB68521AC930BA00DF1723 /* select_hover_min.jpg */ = {isa = PBXFileReference; lastKnownFileType = image.jpeg; path = select_hover_min.jpg; sourceTree = "<group>"; };
		A6BB68531AC930BA00DF1723 /* select_min.jpg */ = {isa = PBXFileReference; lastKnownFileType = image.jpeg; path = select_min.jpg; sourceTree = "<group>"; };
		A6BB68561AC9359800DF1723 /* XiaohaopinVC.h */ = {isa = PBXFileReference; fileEncoding = 4; lastKnownFileType = sourcecode.c.h; path = XiaohaopinVC.h; sourceTree = "<group>"; };
		A6BB68571AC9359800DF1723 /* XiaohaopinVC.m */ = {isa = PBXFileReference; fileEncoding = 4; lastKnownFileType = sourcecode.c.objc; path = XiaohaopinVC.m; sourceTree = "<group>"; };
		A6BB68581AC9359800DF1723 /* XiaohaopinVC.xib */ = {isa = PBXFileReference; fileEncoding = 4; lastKnownFileType = file.xib; path = XiaohaopinVC.xib; sourceTree = "<group>"; };
		A6BB685B1AC9376F00DF1723 /* progress_loading_image.png */ = {isa = PBXFileReference; lastKnownFileType = image.png; path = progress_loading_image.png; sourceTree = "<group>"; };
		A6BB685D1ACAD1E300DF1723 /* arrow_down.png */ = {isa = PBXFileReference; lastKnownFileType = image.png; path = arrow_down.png; sourceTree = "<group>"; };
		A6CB3FAC1AC3E23B00C65C47 /* ChooseAddressVC.h */ = {isa = PBXFileReference; fileEncoding = 4; lastKnownFileType = sourcecode.c.h; path = ChooseAddressVC.h; sourceTree = "<group>"; };
		A6CB3FAD1AC3E23B00C65C47 /* ChooseAddressVC.m */ = {isa = PBXFileReference; fileEncoding = 4; lastKnownFileType = sourcecode.c.objc; path = ChooseAddressVC.m; sourceTree = "<group>"; };
		A6CB3FB11AC3E34300C65C47 /* AddAddressCell.xib */ = {isa = PBXFileReference; fileEncoding = 4; lastKnownFileType = file.xib; path = AddAddressCell.xib; sourceTree = "<group>"; };
		A6CB3FB31AC3E43800C65C47 /* ChooseAddressCell.h */ = {isa = PBXFileReference; fileEncoding = 4; lastKnownFileType = sourcecode.c.h; path = ChooseAddressCell.h; sourceTree = "<group>"; };
		A6CB3FB41AC3E43800C65C47 /* ChooseAddressCell.m */ = {isa = PBXFileReference; fileEncoding = 4; lastKnownFileType = sourcecode.c.objc; path = ChooseAddressCell.m; sourceTree = "<group>"; };
		A6CB3FB51AC3E43800C65C47 /* ChooseAddressCell.xib */ = {isa = PBXFileReference; fileEncoding = 4; lastKnownFileType = file.xib; path = ChooseAddressCell.xib; sourceTree = "<group>"; };
		A6CB3FB81AC3E7BB00C65C47 /* selected_Address.png */ = {isa = PBXFileReference; lastKnownFileType = image.png; path = selected_Address.png; sourceTree = "<group>"; };
		A6CB3FBB1AC3E82D00C65C47 /* unselected_Address.png */ = {isa = PBXFileReference; lastKnownFileType = image.png; path = unselected_Address.png; sourceTree = "<group>"; };
		A6CB3FBE1AC3EB5000C65C47 /* add_Address.png */ = {isa = PBXFileReference; lastKnownFileType = image.png; path = add_Address.png; sourceTree = "<group>"; };
		B01EC03C1ACA68660049FC7D /* MoreSettingVC.h */ = {isa = PBXFileReference; fileEncoding = 4; lastKnownFileType = sourcecode.c.h; path = MoreSettingVC.h; sourceTree = "<group>"; };
		B01EC03D1ACA68660049FC7D /* MoreSettingVC.m */ = {isa = PBXFileReference; fileEncoding = 4; lastKnownFileType = sourcecode.c.objc; path = MoreSettingVC.m; sourceTree = "<group>"; };
		B01EC03F1ACA68EC0049FC7D /* UserProblemsVC.h */ = {isa = PBXFileReference; fileEncoding = 4; lastKnownFileType = sourcecode.c.h; path = UserProblemsVC.h; sourceTree = "<group>"; };
		B01EC0401ACA68EC0049FC7D /* UserProblemsVC.m */ = {isa = PBXFileReference; fileEncoding = 4; lastKnownFileType = sourcecode.c.objc; path = UserProblemsVC.m; sourceTree = "<group>"; };
		B01EC0421ACA69490049FC7D /* UserProtocolVC.h */ = {isa = PBXFileReference; fileEncoding = 4; lastKnownFileType = sourcecode.c.h; path = UserProtocolVC.h; sourceTree = "<group>"; };
		B01EC0431ACA69490049FC7D /* UserProtocolVC.m */ = {isa = PBXFileReference; fileEncoding = 4; lastKnownFileType = sourcecode.c.objc; path = UserProtocolVC.m; sourceTree = "<group>"; };
		B01EC0451ACA695F0049FC7D /* SoftwareUpdateVC.h */ = {isa = PBXFileReference; fileEncoding = 4; lastKnownFileType = sourcecode.c.h; path = SoftwareUpdateVC.h; sourceTree = "<group>"; };
		B01EC0461ACA695F0049FC7D /* SoftwareUpdateVC.m */ = {isa = PBXFileReference; fileEncoding = 4; lastKnownFileType = sourcecode.c.objc; path = SoftwareUpdateVC.m; sourceTree = "<group>"; };
		B01EC0481ACA697A0049FC7D /* AboutVC.h */ = {isa = PBXFileReference; fileEncoding = 4; lastKnownFileType = sourcecode.c.h; path = AboutVC.h; sourceTree = "<group>"; };
		B01EC0491ACA697A0049FC7D /* AboutVC.m */ = {isa = PBXFileReference; fileEncoding = 4; lastKnownFileType = sourcecode.c.objc; path = AboutVC.m; sourceTree = "<group>"; };
		B0735C091AC25350005A3E82 /* icon_adress.png */ = {isa = PBXFileReference; lastKnownFileType = image.png; name = icon_adress.png; path = BeautyHouse_iphone/Res/icon_adress.png; sourceTree = SOURCE_ROOT; };
		B0735C0A1AC25350005A3E82 /* icon_home.png */ = {isa = PBXFileReference; lastKnownFileType = image.png; name = icon_home.png; path = BeautyHouse_iphone/Res/icon_home.png; sourceTree = SOURCE_ROOT; };
		B0735C0B1AC25350005A3E82 /* icon_time.png */ = {isa = PBXFileReference; lastKnownFileType = image.png; name = icon_time.png; path = BeautyHouse_iphone/Res/icon_time.png; sourceTree = SOURCE_ROOT; };
		B0735C0F1AC25495005A3E82 /* MyAccountTVC.h */ = {isa = PBXFileReference; fileEncoding = 4; lastKnownFileType = sourcecode.c.h; path = MyAccountTVC.h; sourceTree = "<group>"; };
		B0735C101AC25495005A3E82 /* MyAccountTVC.m */ = {isa = PBXFileReference; fileEncoding = 4; lastKnownFileType = sourcecode.c.objc; path = MyAccountTVC.m; sourceTree = "<group>"; };
		B0735C121AC25AA4005A3E82 /* mybgpic@2x.png */ = {isa = PBXFileReference; lastKnownFileType = image.png; name = "mybgpic@2x.png"; path = "BeautyHouse_iphone/Res/mybgpic@2x.png"; sourceTree = SOURCE_ROOT; };
		B0735C141AC25BEF005A3E82 /* GoldenIconActivityVC.h */ = {isa = PBXFileReference; fileEncoding = 4; lastKnownFileType = sourcecode.c.h; path = GoldenIconActivityVC.h; sourceTree = "<group>"; };
		B0735C151AC25BEF005A3E82 /* GoldenIconActivityVC.m */ = {isa = PBXFileReference; fileEncoding = 4; lastKnownFileType = sourcecode.c.objc; path = GoldenIconActivityVC.m; sourceTree = "<group>"; };
		B0735C171AC25C0D005A3E82 /* AccountDetailVC.h */ = {isa = PBXFileReference; fileEncoding = 4; lastKnownFileType = sourcecode.c.h; path = AccountDetailVC.h; sourceTree = "<group>"; };
		B0735C181AC25C0D005A3E82 /* AccountDetailVC.m */ = {isa = PBXFileReference; fileEncoding = 4; lastKnownFileType = sourcecode.c.objc; path = AccountDetailVC.m; sourceTree = "<group>"; };
		B0735C1A1AC25C32005A3E82 /* ShareToFriendsVC.h */ = {isa = PBXFileReference; fileEncoding = 4; lastKnownFileType = sourcecode.c.h; path = ShareToFriendsVC.h; sourceTree = "<group>"; };
		B0735C1B1AC25C32005A3E82 /* ShareToFriendsVC.m */ = {isa = PBXFileReference; fileEncoding = 4; lastKnownFileType = sourcecode.c.objc; path = ShareToFriendsVC.m; sourceTree = "<group>"; };
		B0735C1D1AC25C44005A3E82 /* FeedBackVC.h */ = {isa = PBXFileReference; fileEncoding = 4; lastKnownFileType = sourcecode.c.h; path = FeedBackVC.h; sourceTree = "<group>"; };
		B0735C1E1AC25C44005A3E82 /* FeedBackVC.m */ = {isa = PBXFileReference; fileEncoding = 4; lastKnownFileType = sourcecode.c.objc; path = FeedBackVC.m; sourceTree = "<group>"; };
		B0735C201AC25C9C005A3E82 /* AvailableCitiesVC.h */ = {isa = PBXFileReference; fileEncoding = 4; lastKnownFileType = sourcecode.c.h; path = AvailableCitiesVC.h; sourceTree = "<group>"; };
		B0735C211AC25C9C005A3E82 /* AvailableCitiesVC.m */ = {isa = PBXFileReference; fileEncoding = 4; lastKnownFileType = sourcecode.c.objc; path = AvailableCitiesVC.m; sourceTree = "<group>"; };
		B0735C261AC273C4005A3E82 /* join_04.png */ = {isa = PBXFileReference; lastKnownFileType = image.png; name = join_04.png; path = BeautyHouse_iphone/Res/join_04.png; sourceTree = SOURCE_ROOT; };
		B0735C271AC273C4005A3E82 /* join_05.png */ = {isa = PBXFileReference; lastKnownFileType = image.png; name = join_05.png; path = BeautyHouse_iphone/Res/join_05.png; sourceTree = SOURCE_ROOT; };
		B0735C281AC273C4005A3E82 /* join_06.png */ = {isa = PBXFileReference; lastKnownFileType = image.png; name = join_06.png; path = BeautyHouse_iphone/Res/join_06.png; sourceTree = SOURCE_ROOT; };
		B0735C291AC273C4005A3E82 /* join_07.png */ = {isa = PBXFileReference; lastKnownFileType = image.png; name = join_07.png; path = BeautyHouse_iphone/Res/join_07.png; sourceTree = SOURCE_ROOT; };
		B0A5D3551ACBAE0F00D60958 /* GoldenIconTradeRecordVC.h */ = {isa = PBXFileReference; fileEncoding = 4; lastKnownFileType = sourcecode.c.h; path = GoldenIconTradeRecordVC.h; sourceTree = "<group>"; };
		B0A5D3561ACBAE0F00D60958 /* GoldenIconTradeRecordVC.m */ = {isa = PBXFileReference; fileEncoding = 4; lastKnownFileType = sourcecode.c.objc; path = GoldenIconTradeRecordVC.m; sourceTree = "<group>"; };
		B0A5D3581ACBAE4A00D60958 /* GoldenIconExchangeVC.h */ = {isa = PBXFileReference; fileEncoding = 4; lastKnownFileType = sourcecode.c.h; path = GoldenIconExchangeVC.h; sourceTree = "<group>"; };
		B0A5D3591ACBAE4A00D60958 /* GoldenIconExchangeVC.m */ = {isa = PBXFileReference; fileEncoding = 4; lastKnownFileType = sourcecode.c.objc; path = GoldenIconExchangeVC.m; sourceTree = "<group>"; };
		B0A5D35B1ACBAEC400D60958 /* AccountRechargeRecordVC.h */ = {isa = PBXFileReference; fileEncoding = 4; lastKnownFileType = sourcecode.c.h; path = AccountRechargeRecordVC.h; sourceTree = "<group>"; };
		B0A5D35C1ACBAEC400D60958 /* AccountRechargeRecordVC.m */ = {isa = PBXFileReference; fileEncoding = 4; lastKnownFileType = sourcecode.c.objc; path = AccountRechargeRecordVC.m; sourceTree = "<group>"; };
		B0A5D35E1ACBAEF500D60958 /* AccountExpenseRecordVC.h */ = {isa = PBXFileReference; fileEncoding = 4; lastKnownFileType = sourcecode.c.h; path = AccountExpenseRecordVC.h; sourceTree = "<group>"; };
		B0A5D35F1ACBAEF500D60958 /* AccountExpenseRecordVC.m */ = {isa = PBXFileReference; fileEncoding = 4; lastKnownFileType = sourcecode.c.objc; path = AccountExpenseRecordVC.m; sourceTree = "<group>"; };
		B0A5D3611ACBAF2E00D60958 /* AccountRechargeVC.h */ = {isa = PBXFileReference; fileEncoding = 4; lastKnownFileType = sourcecode.c.h; path = AccountRechargeVC.h; sourceTree = "<group>"; };
		B0A5D3621ACBAF2E00D60958 /* AccountRechargeVC.m */ = {isa = PBXFileReference; fileEncoding = 4; lastKnownFileType = sourcecode.c.objc; path = AccountRechargeVC.m; sourceTree = "<group>"; };
		B0A5D3641ACBAF7D00D60958 /* AccountFamilyStewardVC.h */ = {isa = PBXFileReference; fileEncoding = 4; lastKnownFileType = sourcecode.c.h; path = AccountFamilyStewardVC.h; sourceTree = "<group>"; };
		B0A5D3651ACBAF7D00D60958 /* AccountFamilyStewardVC.m */ = {isa = PBXFileReference; fileEncoding = 4; lastKnownFileType = sourcecode.c.objc; path = AccountFamilyStewardVC.m; sourceTree = "<group>"; };
		B0F681EC1AC6740B008DBE63 /* LoginVC.h */ = {isa = PBXFileReference; fileEncoding = 4; lastKnownFileType = sourcecode.c.h; path = LoginVC.h; sourceTree = "<group>"; };
		B0F681ED1AC6740B008DBE63 /* LoginVC.m */ = {isa = PBXFileReference; fileEncoding = 4; lastKnownFileType = sourcecode.c.objc; path = LoginVC.m; sourceTree = "<group>"; };
/* End PBXFileReference section */

/* Begin PBXFrameworksBuildPhase section */
		A696C4CF1AC1A5D900A860AD /* Frameworks */ = {
			isa = PBXFrameworksBuildPhase;
			buildActionMask = 2147483647;
			files = (
			);
			runOnlyForDeploymentPostprocessing = 0;
		};
		A696C4E81AC1A5D900A860AD /* Frameworks */ = {
			isa = PBXFrameworksBuildPhase;
			buildActionMask = 2147483647;
			files = (
			);
			runOnlyForDeploymentPostprocessing = 0;
		};
/* End PBXFrameworksBuildPhase section */

/* Begin PBXGroup section */
		A6694CBB1AD2AA0E00339A2B /* GTMBase64 */ = {
			isa = PBXGroup;
			children = (
				A6694CBC1AD2AA0E00339A2B /* GTMBase64.h */,
				A6694CBD1AD2AA0E00339A2B /* GTMBase64.m */,
				A6694CBE1AD2AA0E00339A2B /* GTMDefines.h */,
			);
			path = GTMBase64;
			sourceTree = "<group>";
		};
		A696C4C91AC1A5D900A860AD = {
			isa = PBXGroup;
			children = (
				A696C4D41AC1A5D900A860AD /* BeautyHouse_iphone */,
				A696C4EE1AC1A5D900A860AD /* BeautyHouse_iphoneTests */,
				A696C4D31AC1A5D900A860AD /* Products */,
			);
			sourceTree = "<group>";
		};
		A696C4D31AC1A5D900A860AD /* Products */ = {
			isa = PBXGroup;
			children = (
				A696C4D21AC1A5D900A860AD /* BeautyHouse_iphone.app */,
				A696C4EB1AC1A5D900A860AD /* BeautyHouse_iphoneTests.xctest */,
			);
			name = Products;
			sourceTree = "<group>";
		};
		A696C4D41AC1A5D900A860AD /* BeautyHouse_iphone */ = {
			isa = PBXGroup;
			children = (
				A696C4FB1AC1A73500A860AD /* Common */,
				A696C50D1AC1A73500A860AD /* ViewControllers */,
				A696C4E21AC1A5D900A860AD /* Images.xcassets */,
				A696C4D51AC1A5D900A860AD /* Supporting Files */,
			);
			path = BeautyHouse_iphone;
			sourceTree = "<group>";
		};
		A696C4D51AC1A5D900A860AD /* Supporting Files */ = {
			isa = PBXGroup;
			children = (
				A696C5061AC1A73500A860AD /* Res */,
				A696C4D61AC1A5D900A860AD /* Info.plist */,
				A696C4D71AC1A5D900A860AD /* main.m */,
			);
			name = "Supporting Files";
			sourceTree = "<group>";
		};
		A696C4EE1AC1A5D900A860AD /* BeautyHouse_iphoneTests */ = {
			isa = PBXGroup;
			children = (
				A696C4F11AC1A5D900A860AD /* BeautyHouse_iphoneTests.m */,
				A696C4EF1AC1A5D900A860AD /* Supporting Files */,
			);
			path = BeautyHouse_iphoneTests;
			sourceTree = "<group>";
		};
		A696C4EF1AC1A5D900A860AD /* Supporting Files */ = {
			isa = PBXGroup;
			children = (
				A696C4F01AC1A5D900A860AD /* Info.plist */,
			);
			name = "Supporting Files";
			sourceTree = "<group>";
		};
		A696C4FB1AC1A73500A860AD /* Common */ = {
			isa = PBXGroup;
			children = (
				A696C4FD1AC1A73500A860AD /* Global */,
				A696C4FC1AC1A73500A860AD /* BaseClass */,
				A696C5041AC1A73500A860AD /* Modules */,
				A696C5051AC1A73500A860AD /* ThirdPart */,
			);
			path = Common;
			sourceTree = "<group>";
		};
		A696C4FC1AC1A73500A860AD /* BaseClass */ = {
			isa = PBXGroup;
			children = (
				A696C51C1AC1A8D900A860AD /* BaseNavigationController.h */,
				A696C51D1AC1A8D900A860AD /* BaseNavigationController.m */,
				A696C51E1AC1A8D900A860AD /* BaseTVC.h */,
				A696C51F1AC1A8D900A860AD /* BaseTVC.m */,
				A696C5201AC1A8D900A860AD /* BaseViewController.h */,
				A696C5211AC1A8D900A860AD /* BaseViewController.m */,
			);
			path = BaseClass;
			sourceTree = "<group>";
		};
		A696C4FD1AC1A73500A860AD /* Global */ = {
			isa = PBXGroup;
			children = (
				A696C4FE1AC1A73500A860AD /* AppDelegate.h */,
				A696C4FF1AC1A73500A860AD /* AppDelegate.m */,
				A696C5001AC1A73500A860AD /* Main.storyboard */,
				A696C5151AC1A8C200A860AD /* Common.h */,
				A696C5161AC1A8C200A860AD /* MyPaser.h */,
				A696C5171AC1A8C200A860AD /* MyPaser.m */,
				A696C5181AC1A8C200A860AD /* MZBWebService.h */,
				A696C5191AC1A8C200A860AD /* MZBWebService.m */,
			);
			path = Global;
			sourceTree = "<group>";
		};
		A696C5041AC1A73500A860AD /* Modules */ = {
			isa = PBXGroup;
			children = (
				A696C5251AC1A8E800A860AD /* HomeService.h */,
				A696C5261AC1A8E800A860AD /* HomeService.m */,
				A696C5271AC1A8E800A860AD /* MyOrderVO.h */,
				A696C5281AC1A8E800A860AD /* MyOrderVO.m */,
				A696C5291AC1A8E800A860AD /* MzbService.h */,
				A696C52A1AC1A8E800A860AD /* MzbService.m */,
				A66C50A71AC25313003E146F /* MzbAd.h */,
				A66C50A81AC25313003E146F /* MzbAd.m */,
				A6694CC01AD2B41900339A2B /* MzbAddress.h */,
				A6694CC11AD2B41900339A2B /* MzbAddress.m */,
			);
			path = Modules;
			sourceTree = "<group>";
		};
		A696C5051AC1A73500A860AD /* ThirdPart */ = {
			isa = PBXGroup;
			children = (
				A6694CBB1AD2AA0E00339A2B /* GTMBase64 */,
				A696C52E1AC1A8F300A860AD /* AFNetworking */,
				A696C5421AC1A8F400A860AD /* UIKit+AFNetworking */,
			);
			path = ThirdPart;
			sourceTree = "<group>";
		};
		A696C5061AC1A73500A860AD /* Res */ = {
			isa = PBXGroup;
			children = (
				A696C5071AC1A73500A860AD /* Common */,
				A696C5091AC1A73500A860AD /* Home */,
				A696C50A1AC1A73500A860AD /* Member */,
				A696C50B1AC1A73500A860AD /* MyAccount */,
				A696C50C1AC1A73500A860AD /* MyOrder */,
			);
			path = Res;
			sourceTree = "<group>";
		};
		A696C5071AC1A73500A860AD /* Common */ = {
			isa = PBXGroup;
			children = (
				A696C5B61AC1A9BE00A860AD /* arrow_right_gray.png */,
				A696C5B71AC1A9BE00A860AD /* nav_back.png */,
				A696C5B81AC1A9BE00A860AD /* s_phone.png */,
				A696C5B91AC1A9BE00A860AD /* time.png */,
				A696C5B01AC1A98300A860AD /* ad_a_1.jpg */,
				A696C5B11AC1A98300A860AD /* ad_a_2.jpg */,
				A696C5B21AC1A98300A860AD /* ad_a_3.jpg */,
				A696C5081AC1A73500A860AD /* tab */,
			);
			path = Common;
			sourceTree = "<group>";
		};
		A696C5081AC1A73500A860AD /* tab */ = {
			isa = PBXGroup;
			children = (
				A696C5A81AC1A97200A860AD /* tab_home@2x.png */,
				A696C5A91AC1A97200A860AD /* tab_member@2x.png */,
				A696C5AA1AC1A97200A860AD /* tab_orders@2x.png */,
				A696C5AB1AC1A97200A860AD /* tab_owner@2x.png */,
			);
			path = tab;
			sourceTree = "<group>";
		};
		A696C5091AC1A73500A860AD /* Home */ = {
			isa = PBXGroup;
			children = (
				A6694CC41AD40C9D00339A2B /* timeline_green.png */,
				A6BB685D1ACAD1E300DF1723 /* arrow_down.png */,
				A6BB685B1AC9376F00DF1723 /* progress_loading_image.png */,
				A6BB68521AC930BA00DF1723 /* select_hover_min.jpg */,
				A6BB68531AC930BA00DF1723 /* select_min.jpg */,
				A6BB684E1AC9232100DF1723 /* select_cut.png */,
				A6BB684F1AC9232100DF1723 /* select_plus.png */,
				A6B6A8981AC436C600B12F04 /* category.png */,
				A6B6A8991AC436C600B12F04 /* adress.png */,
				A6B6A89A1AC436C600B12F04 /* home.png */,
				A66C50AA1AC262A0003E146F /* mybgpic.png */,
				A6CB3FBE1AC3EB5000C65C47 /* add_Address.png */,
				A6CB3FB81AC3E7BB00C65C47 /* selected_Address.png */,
				A6CB3FBB1AC3E82D00C65C47 /* unselected_Address.png */,
			);
			path = Home;
			sourceTree = "<group>";
		};
		A696C50A1AC1A73500A860AD /* Member */ = {
			isa = PBXGroup;
			children = (
			);
			path = Member;
			sourceTree = "<group>";
		};
		A696C50B1AC1A73500A860AD /* MyAccount */ = {
			isa = PBXGroup;
			children = (
			);
			path = MyAccount;
			sourceTree = "<group>";
		};
		A696C50C1AC1A73500A860AD /* MyOrder */ = {
			isa = PBXGroup;
			children = (
				B0735C091AC25350005A3E82 /* icon_adress.png */,
				B0735C0A1AC25350005A3E82 /* icon_home.png */,
				B0735C0B1AC25350005A3E82 /* icon_time.png */,
				B0735C121AC25AA4005A3E82 /* mybgpic@2x.png */,
				B0735C261AC273C4005A3E82 /* join_04.png */,
				B0735C271AC273C4005A3E82 /* join_05.png */,
				B0735C281AC273C4005A3E82 /* join_06.png */,
				B0735C291AC273C4005A3E82 /* join_07.png */,
			);
			path = MyOrder;
			sourceTree = "<group>";
		};
		A696C50D1AC1A73500A860AD /* ViewControllers */ = {
			isa = PBXGroup;
			children = (
				B0F681EB1AC6736C008DBE63 /* Login */,
				A696C50E1AC1A73500A860AD /* Home */,
				A696C5111AC1A73500A860AD /* MyOrder */,
				A696C50F1AC1A73500A860AD /* Member */,
				A696C5101AC1A73500A860AD /* MyAccount */,
			);
			path = ViewControllers;
			sourceTree = "<group>";
		};
		A696C50E1AC1A73500A860AD /* Home */ = {
			isa = PBXGroup;
			children = (
				A696C5651AC1A91900A860AD /* HomeAdCell.h */,
				A696C5661AC1A91900A860AD /* HomeAdCell.m */,
				A696C5671AC1A91900A860AD /* HomeBtnCell.h */,
				A696C5681AC1A91900A860AD /* HomeBtnCell.m */,
				A696C5691AC1A91900A860AD /* HomeButton.h */,
				A696C56A1AC1A91900A860AD /* HomeButton.m */,
				A696C56B1AC1A91900A860AD /* HomeTableVC.h */,
				A696C56C1AC1A91900A860AD /* HomeTableVC.m */,
				A6CB3FAB1AC3DE2500C65C47 /* Others */,
				A696C56D1AC1A91900A860AD /* RMDateSelectionVC */,
				A696C5711AC1A91900A860AD /* ServiceDetail */,
				A696C5811AC1A91900A860AD /* ServiceIntroductionVC.h */,
				A696C5821AC1A91900A860AD /* ServiceIntroductionVC.m */,
				A696C5831AC1A91900A860AD /* ServiceIntroductionVC.xib */,
			);
			path = Home;
			sourceTree = "<group>";
		};
		A696C50F1AC1A73500A860AD /* Member */ = {
			isa = PBXGroup;
			children = (
				A696C59A1AC1A93300A860AD /* MemberCenterVC.h */,
				A696C59B1AC1A93300A860AD /* MemberCenterVC.m */,
				A696C5961AC1A93300A860AD /* MemberCenterJoinTVC.h */,
				A696C5971AC1A93300A860AD /* MemberCenterJoinTVC.m */,
				A696C5981AC1A93300A860AD /* MemberCenterPrivilegeTVC.h */,
				A696C5991AC1A93300A860AD /* MemberCenterPrivilegeTVC.m */,
			);
			path = Member;
			sourceTree = "<group>";
		};
		A696C5101AC1A73500A860AD /* MyAccount */ = {
			isa = PBXGroup;
			children = (
				A696C59F1AC1A93E00A860AD /* MyAccountVC.h */,
				A696C5A01AC1A93E00A860AD /* MyAccountVC.m */,
				B0735C0F1AC25495005A3E82 /* MyAccountTVC.h */,
				B0735C101AC25495005A3E82 /* MyAccountTVC.m */,
				B0735C141AC25BEF005A3E82 /* GoldenIconActivityVC.h */,
				B0735C151AC25BEF005A3E82 /* GoldenIconActivityVC.m */,
				B0735C171AC25C0D005A3E82 /* AccountDetailVC.h */,
				B0735C181AC25C0D005A3E82 /* AccountDetailVC.m */,
				B0735C1A1AC25C32005A3E82 /* ShareToFriendsVC.h */,
				B0735C1B1AC25C32005A3E82 /* ShareToFriendsVC.m */,
				B0735C1D1AC25C44005A3E82 /* FeedBackVC.h */,
				B0735C1E1AC25C44005A3E82 /* FeedBackVC.m */,
				B0735C201AC25C9C005A3E82 /* AvailableCitiesVC.h */,
				B0735C211AC25C9C005A3E82 /* AvailableCitiesVC.m */,
				B01EC03B1ACA68660049FC7D /* MoreSetting */,
				B0A5D3531ACBAD2600D60958 /* AccountDetail */,
				B0A5D3541ACBAD2600D60958 /* GoldenIconActivity */,
			);
			path = MyAccount;
			sourceTree = "<group>";
		};
		A696C5111AC1A73500A860AD /* MyOrder */ = {
			isa = PBXGroup;
			children = (
				A696C5A41AC1A94C00A860AD /* MyOrderVC.h */,
				A696C5A51AC1A94C00A860AD /* MyOrderVC.m */,
				A696C5A21AC1A94C00A860AD /* MyOrderTVC.h */,
				A696C5A31AC1A94C00A860AD /* MyOrderTVC.m */,
			);
			path = MyOrder;
			sourceTree = "<group>";
		};
		A696C52E1AC1A8F300A860AD /* AFNetworking */ = {
			isa = PBXGroup;
			children = (
				A696C52F1AC1A8F300A860AD /* AFHTTPRequestOperation.h */,
				A696C5301AC1A8F300A860AD /* AFHTTPRequestOperation.m */,
				A696C5311AC1A8F300A860AD /* AFHTTPRequestOperationManager.h */,
				A696C5321AC1A8F300A860AD /* AFHTTPRequestOperationManager.m */,
				A696C5331AC1A8F300A860AD /* AFHTTPSessionManager.h */,
				A696C5341AC1A8F300A860AD /* AFHTTPSessionManager.m */,
				A696C5351AC1A8F300A860AD /* AFNetworking.h */,
				A696C5361AC1A8F300A860AD /* AFNetworkReachabilityManager.h */,
				A696C5371AC1A8F300A860AD /* AFNetworkReachabilityManager.m */,
				A696C5381AC1A8F300A860AD /* AFSecurityPolicy.h */,
				A696C5391AC1A8F300A860AD /* AFSecurityPolicy.m */,
				A696C53A1AC1A8F300A860AD /* AFURLConnectionOperation.h */,
				A696C53B1AC1A8F300A860AD /* AFURLConnectionOperation.m */,
				A696C53C1AC1A8F300A860AD /* AFURLRequestSerialization.h */,
				A696C53D1AC1A8F300A860AD /* AFURLRequestSerialization.m */,
				A696C53E1AC1A8F300A860AD /* AFURLResponseSerialization.h */,
				A696C53F1AC1A8F300A860AD /* AFURLResponseSerialization.m */,
				A696C5401AC1A8F300A860AD /* AFURLSessionManager.h */,
				A696C5411AC1A8F300A860AD /* AFURLSessionManager.m */,
			);
			path = AFNetworking;
			sourceTree = "<group>";
		};
		A696C5421AC1A8F400A860AD /* UIKit+AFNetworking */ = {
			isa = PBXGroup;
			children = (
				A696C5431AC1A8F400A860AD /* AFNetworkActivityIndicatorManager.h */,
				A696C5441AC1A8F400A860AD /* AFNetworkActivityIndicatorManager.m */,
				A696C5451AC1A8F400A860AD /* UIActivityIndicatorView+AFNetworking.h */,
				A696C5461AC1A8F400A860AD /* UIActivityIndicatorView+AFNetworking.m */,
				A696C5471AC1A8F400A860AD /* UIAlertView+AFNetworking.h */,
				A696C5481AC1A8F400A860AD /* UIAlertView+AFNetworking.m */,
				A696C5491AC1A8F400A860AD /* UIButton+AFNetworking.h */,
				A696C54A1AC1A8F400A860AD /* UIButton+AFNetworking.m */,
				A696C54B1AC1A8F400A860AD /* UIImageView+AFNetworking.h */,
				A696C54C1AC1A8F400A860AD /* UIImageView+AFNetworking.m */,
				A696C54D1AC1A8F400A860AD /* UIKit+AFNetworking.h */,
				A696C54E1AC1A8F400A860AD /* UIProgressView+AFNetworking.h */,
				A696C54F1AC1A8F400A860AD /* UIProgressView+AFNetworking.m */,
				A696C5501AC1A8F400A860AD /* UIRefreshControl+AFNetworking.h */,
				A696C5511AC1A8F400A860AD /* UIRefreshControl+AFNetworking.m */,
				A696C5521AC1A8F400A860AD /* UIWebView+AFNetworking.h */,
				A696C5531AC1A8F400A860AD /* UIWebView+AFNetworking.m */,
			);
			path = "UIKit+AFNetworking";
			sourceTree = "<group>";
		};
		A696C56D1AC1A91900A860AD /* RMDateSelectionVC */ = {
			isa = PBXGroup;
			children = (
				A696C56E1AC1A91900A860AD /* RMDateSelectionViewController.h */,
				A696C56F1AC1A91900A860AD /* RMDateSelectionViewController.m */,
				A696C5701AC1A91900A860AD /* RMDateSelectionViewController.xib */,
			);
			path = RMDateSelectionVC;
			sourceTree = "<group>";
		};
		A696C5711AC1A91900A860AD /* ServiceDetail */ = {
			isa = PBXGroup;
			children = (
				A696C5721AC1A91900A860AD /* CleanerVC.h */,
				A696C5731AC1A91900A860AD /* CleanerVC.m */,
				A696C5741AC1A91900A860AD /* CleanerVC.xib */,
				A696C5751AC1A91900A860AD /* CurtainCareVC.h */,
				A696C5761AC1A91900A860AD /* CurtainCareVC.m */,
				A696C5771AC1A91900A860AD /* CurtainCareVC.xib */,
				A696C5781AC1A91900A860AD /* FloorCareVC.h */,
				A696C5791AC1A91900A860AD /* FloorCareVC.m */,
				A696C57A1AC1A91900A860AD /* FloorCareVC.xib */,
				A696C57B1AC1A91900A860AD /* NewHouseCareVC.h */,
				A696C57C1AC1A91900A860AD /* NewHouseCareVC.m */,
				A696C57D1AC1A91900A860AD /* NewHouseCareVC.xib */,
				A696C57E1AC1A91900A860AD /* NurseVC.h */,
				A696C57F1AC1A91900A860AD /* NurseVC.m */,
				A696C5801AC1A91900A860AD /* NurseVC.xib */,
				A66C50AC1AC262EF003E146F /* AllServiceVC.h */,
				A66C50AD1AC262EF003E146F /* AllServiceVC.m */,
				A66C50AE1AC262EF003E146F /* AllServiceVC.xib */,
				A66C50B11AC2686C003E146F /* AllServiceCell.h */,
				A66C50B21AC2686C003E146F /* AllServiceCell.m */,
				A66C50B31AC2686C003E146F /* AllServiceCell.xib */,
				A66C50B61AC272D1003E146F /* AllServiceButton.h */,
				A66C50B71AC272D1003E146F /* AllServiceButton.m */,
			);
			path = ServiceDetail;
			sourceTree = "<group>";
		};
		A6CB3FAB1AC3DE2500C65C47 /* Others */ = {
			isa = PBXGroup;
			children = (
				A6CB3FAC1AC3E23B00C65C47 /* ChooseAddressVC.h */,
				A6CB3FAD1AC3E23B00C65C47 /* ChooseAddressVC.m */,
				A6CB3FB31AC3E43800C65C47 /* ChooseAddressCell.h */,
				A6CB3FB41AC3E43800C65C47 /* ChooseAddressCell.m */,
				A6CB3FB51AC3E43800C65C47 /* ChooseAddressCell.xib */,
				A6CB3FB11AC3E34300C65C47 /* AddAddressCell.xib */,
				A6B6A8931AC4359500B12F04 /* AddAddressVC.h */,
				A6B6A8941AC4359500B12F04 /* AddAddressVC.m */,
				A6B6A8951AC4359500B12F04 /* AddAddressVC.xib */,
				A6B6A89E1AC43ECF00B12F04 /* QuyuVC.h */,
				A6B6A89F1AC43ECF00B12F04 /* QuyuVC.m */,
				A6BB68491AC6848000DF1723 /* MoreDemandVC.h */,
				A6BB684A1AC6848000DF1723 /* MoreDemandVC.m */,
				A6BB684B1AC6848000DF1723 /* MoreDemandVC.xib */,
				A6BB68561AC9359800DF1723 /* XiaohaopinVC.h */,
				A6BB68571AC9359800DF1723 /* XiaohaopinVC.m */,
				A6BB68581AC9359800DF1723 /* XiaohaopinVC.xib */,
			);
			path = Others;
			sourceTree = "<group>";
		};
		B01EC03B1ACA68660049FC7D /* MoreSetting */ = {
			isa = PBXGroup;
			children = (
				B01EC03C1ACA68660049FC7D /* MoreSettingVC.h */,
				B01EC03D1ACA68660049FC7D /* MoreSettingVC.m */,
				B01EC03F1ACA68EC0049FC7D /* UserProblemsVC.h */,
				B01EC0401ACA68EC0049FC7D /* UserProblemsVC.m */,
				B01EC0421ACA69490049FC7D /* UserProtocolVC.h */,
				B01EC0431ACA69490049FC7D /* UserProtocolVC.m */,
				B01EC0451ACA695F0049FC7D /* SoftwareUpdateVC.h */,
				B01EC0461ACA695F0049FC7D /* SoftwareUpdateVC.m */,
				B01EC0481ACA697A0049FC7D /* AboutVC.h */,
				B01EC0491ACA697A0049FC7D /* AboutVC.m */,
			);
			path = MoreSetting;
			sourceTree = "<group>";
		};
		B0A5D3531ACBAD2600D60958 /* AccountDetail */ = {
			isa = PBXGroup;
			children = (
				B0A5D35B1ACBAEC400D60958 /* AccountRechargeRecordVC.h */,
				B0A5D35C1ACBAEC400D60958 /* AccountRechargeRecordVC.m */,
				B0A5D35E1ACBAEF500D60958 /* AccountExpenseRecordVC.h */,
				B0A5D35F1ACBAEF500D60958 /* AccountExpenseRecordVC.m */,
				B0A5D3611ACBAF2E00D60958 /* AccountRechargeVC.h */,
				B0A5D3621ACBAF2E00D60958 /* AccountRechargeVC.m */,
				B0A5D3641ACBAF7D00D60958 /* AccountFamilyStewardVC.h */,
				B0A5D3651ACBAF7D00D60958 /* AccountFamilyStewardVC.m */,
			);
			path = AccountDetail;
			sourceTree = "<group>";
		};
		B0A5D3541ACBAD2600D60958 /* GoldenIconActivity */ = {
			isa = PBXGroup;
			children = (
				B0A5D3551ACBAE0F00D60958 /* GoldenIconTradeRecordVC.h */,
				B0A5D3561ACBAE0F00D60958 /* GoldenIconTradeRecordVC.m */,
				B0A5D3581ACBAE4A00D60958 /* GoldenIconExchangeVC.h */,
				B0A5D3591ACBAE4A00D60958 /* GoldenIconExchangeVC.m */,
			);
			path = GoldenIconActivity;
			sourceTree = "<group>";
		};
		B0F681EB1AC6736C008DBE63 /* Login */ = {
			isa = PBXGroup;
			children = (
				B0F681EC1AC6740B008DBE63 /* LoginVC.h */,
				B0F681ED1AC6740B008DBE63 /* LoginVC.m */,
			);
			path = Login;
			sourceTree = "<group>";
		};
/* End PBXGroup section */

/* Begin PBXNativeTarget section */
		A696C4D11AC1A5D900A860AD /* BeautyHouse_iphone */ = {
			isa = PBXNativeTarget;
			buildConfigurationList = A696C4F51AC1A5D900A860AD /* Build configuration list for PBXNativeTarget "BeautyHouse_iphone" */;
			buildPhases = (
				A696C4CE1AC1A5D900A860AD /* Sources */,
				A696C4CF1AC1A5D900A860AD /* Frameworks */,
				A696C4D01AC1A5D900A860AD /* Resources */,
			);
			buildRules = (
			);
			dependencies = (
			);
			name = BeautyHouse_iphone;
			productName = BeautyHouse_iphone;
			productReference = A696C4D21AC1A5D900A860AD /* BeautyHouse_iphone.app */;
			productType = "com.apple.product-type.application";
		};
		A696C4EA1AC1A5D900A860AD /* BeautyHouse_iphoneTests */ = {
			isa = PBXNativeTarget;
			buildConfigurationList = A696C4F81AC1A5D900A860AD /* Build configuration list for PBXNativeTarget "BeautyHouse_iphoneTests" */;
			buildPhases = (
				A696C4E71AC1A5D900A860AD /* Sources */,
				A696C4E81AC1A5D900A860AD /* Frameworks */,
				A696C4E91AC1A5D900A860AD /* Resources */,
			);
			buildRules = (
			);
			dependencies = (
				A696C4ED1AC1A5D900A860AD /* PBXTargetDependency */,
			);
			name = BeautyHouse_iphoneTests;
			productName = BeautyHouse_iphoneTests;
			productReference = A696C4EB1AC1A5D900A860AD /* BeautyHouse_iphoneTests.xctest */;
			productType = "com.apple.product-type.bundle.unit-test";
		};
/* End PBXNativeTarget section */

/* Begin PBXProject section */
		A696C4CA1AC1A5D900A860AD /* Project object */ = {
			isa = PBXProject;
			attributes = {
				LastUpgradeCheck = 0620;
				ORGANIZATIONNAME = lixiang;
				TargetAttributes = {
					A696C4D11AC1A5D900A860AD = {
						CreatedOnToolsVersion = 6.2;
						DevelopmentTeam = HTZB37YP6L;
					};
					A696C4EA1AC1A5D900A860AD = {
						CreatedOnToolsVersion = 6.2;
						TestTargetID = A696C4D11AC1A5D900A860AD;
					};
				};
			};
			buildConfigurationList = A696C4CD1AC1A5D900A860AD /* Build configuration list for PBXProject "BeautyHouse_iphone" */;
			compatibilityVersion = "Xcode 3.2";
			developmentRegion = English;
			hasScannedForEncodings = 0;
			knownRegions = (
				en,
				Base,
			);
			mainGroup = A696C4C91AC1A5D900A860AD;
			productRefGroup = A696C4D31AC1A5D900A860AD /* Products */;
			projectDirPath = "";
			projectRoot = "";
			targets = (
				A696C4D11AC1A5D900A860AD /* BeautyHouse_iphone */,
				A696C4EA1AC1A5D900A860AD /* BeautyHouse_iphoneTests */,
			);
		};
/* End PBXProject section */

/* Begin PBXResourcesBuildPhase section */
		A696C4D01AC1A5D900A860AD /* Resources */ = {
			isa = PBXResourcesBuildPhase;
			buildActionMask = 2147483647;
			files = (
				A696C5B51AC1A98300A860AD /* ad_a_3.jpg in Resources */,
				B0735C0D1AC25350005A3E82 /* icon_home.png in Resources */,
				A696C4E31AC1A5D900A860AD /* Images.xcassets in Resources */,
				A6B6A89B1AC436C600B12F04 /* category.png in Resources */,
				A6B6A8971AC4359500B12F04 /* AddAddressVC.xib in Resources */,
				A696C5951AC1A91900A860AD /* ServiceIntroductionVC.xib in Resources */,
				A696C58B1AC1A91900A860AD /* CleanerVC.xib in Resources */,
				A696C5BB1AC1A9BE00A860AD /* nav_back.png in Resources */,
				A6CB3FB71AC3E43800C65C47 /* ChooseAddressCell.xib in Resources */,
				A696C5AC1AC1A97200A860AD /* tab_home@2x.png in Resources */,
				A66C50B51AC2686C003E146F /* AllServiceCell.xib in Resources */,
				A696C5BD1AC1A9BE00A860AD /* time.png in Resources */,
				A696C5931AC1A91900A860AD /* NurseVC.xib in Resources */,
				A696C58F1AC1A91900A860AD /* FloorCareVC.xib in Resources */,
				A6694CC61AD40C9D00339A2B /* timeline_green.png in Resources */,
				B0735C2B1AC273C4005A3E82 /* join_05.png in Resources */,
				A696C5BA1AC1A9BE00A860AD /* arrow_right_gray.png in Resources */,
				A6CB3FB91AC3E7BB00C65C47 /* selected_Address.png in Resources */,
				A6B6A89D1AC436C600B12F04 /* home.png in Resources */,
				B0735C2D1AC273C4005A3E82 /* join_07.png in Resources */,
				A696C58D1AC1A91900A860AD /* CurtainCareVC.xib in Resources */,
				A66C50B01AC262EF003E146F /* AllServiceVC.xib in Resources */,
				A696C5AE1AC1A97200A860AD /* tab_orders@2x.png in Resources */,
				A696C5891AC1A91900A860AD /* RMDateSelectionViewController.xib in Resources */,
				A6BB685C1AC9376F00DF1723 /* progress_loading_image.png in Resources */,
				B0735C131AC25AA4005A3E82 /* mybgpic@2x.png in Resources */,
				A696C5AF1AC1A97200A860AD /* tab_owner@2x.png in Resources */,
				A6CB3FBD1AC3E82D00C65C47 /* unselected_Address.png in Resources */,
				A6BB68501AC9232100DF1723 /* select_cut.png in Resources */,
				A6BB684D1AC6848000DF1723 /* MoreDemandVC.xib in Resources */,
				A6BB685E1ACAD1E300DF1723 /* arrow_down.png in Resources */,
				B0735C0C1AC25350005A3E82 /* icon_adress.png in Resources */,
				B0735C2A1AC273C4005A3E82 /* join_04.png in Resources */,
				A696C5B31AC1A98300A860AD /* ad_a_1.jpg in Resources */,
				A66C50AB1AC262A0003E146F /* mybgpic.png in Resources */,
				A6B6A89C1AC436C600B12F04 /* adress.png in Resources */,
				A6CB3FBF1AC3EB5000C65C47 /* add_Address.png in Resources */,
				A6BB68551AC930BA00DF1723 /* select_min.jpg in Resources */,
				A6CB3FB21AC3E34300C65C47 /* AddAddressCell.xib in Resources */,
				A6BB685A1AC9359800DF1723 /* XiaohaopinVC.xib in Resources */,
				A696C5B41AC1A98300A860AD /* ad_a_2.jpg in Resources */,
				B0735C2C1AC273C4005A3E82 /* join_06.png in Resources */,
				A6BB68511AC9232100DF1723 /* select_plus.png in Resources */,
				A696C5AD1AC1A97200A860AD /* tab_member@2x.png in Resources */,
				A696C5911AC1A91900A860AD /* NewHouseCareVC.xib in Resources */,
				A696C5131AC1A73500A860AD /* Main.storyboard in Resources */,
				A6BB68541AC930BA00DF1723 /* select_hover_min.jpg in Resources */,
				A696C5BC1AC1A9BE00A860AD /* s_phone.png in Resources */,
				B0735C0E1AC25350005A3E82 /* icon_time.png in Resources */,
			);
			runOnlyForDeploymentPostprocessing = 0;
		};
		A696C4E91AC1A5D900A860AD /* Resources */ = {
			isa = PBXResourcesBuildPhase;
			buildActionMask = 2147483647;
			files = (
			);
			runOnlyForDeploymentPostprocessing = 0;
		};
/* End PBXResourcesBuildPhase section */

/* Begin PBXSourcesBuildPhase section */
		A696C4CE1AC1A5D900A860AD /* Sources */ = {
			isa = PBXSourcesBuildPhase;
			buildActionMask = 2147483647;
			files = (
				A696C5861AC1A91900A860AD /* HomeButton.m in Sources */,
				B01EC04A1ACA697A0049FC7D /* AboutVC.m in Sources */,
				A696C5591AC1A8F400A860AD /* AFURLConnectionOperation.m in Sources */,
				B01EC03E1ACA68660049FC7D /* MoreSettingVC.m in Sources */,
				B0F681EE1AC6740B008DBE63 /* LoginVC.m in Sources */,
				B01EC0441ACA69490049FC7D /* UserProtocolVC.m in Sources */,
				A6694CC21AD2B41900339A2B /* MzbAddress.m in Sources */,
				B0A5D3571ACBAE0F00D60958 /* GoldenIconTradeRecordVC.m in Sources */,
				A696C51A1AC1A8C200A860AD /* MyPaser.m in Sources */,
				B0A5D35D1ACBAEC400D60958 /* AccountRechargeRecordVC.m in Sources */,
				B0A5D3631ACBAF2E00D60958 /* AccountRechargeVC.m in Sources */,
				A696C5581AC1A8F400A860AD /* AFSecurityPolicy.m in Sources */,
				A696C52C1AC1A8E800A860AD /* MyOrderVO.m in Sources */,
				A696C5621AC1A8F400A860AD /* UIProgressView+AFNetworking.m in Sources */,
				A696C59E1AC1A93300A860AD /* MemberCenterVC.m in Sources */,
				A696C5841AC1A91900A860AD /* HomeAdCell.m in Sources */,
				A696C55F1AC1A8F400A860AD /* UIAlertView+AFNetworking.m in Sources */,
				A696C5A71AC1A94C00A860AD /* MyOrderVC.m in Sources */,
				A696C55D1AC1A8F400A860AD /* AFNetworkActivityIndicatorManager.m in Sources */,
				A696C5A11AC1A93E00A860AD /* MyAccountVC.m in Sources */,
				A6CB3FAE1AC3E23B00C65C47 /* ChooseAddressVC.m in Sources */,
				A696C5551AC1A8F400A860AD /* AFHTTPRequestOperationManager.m in Sources */,
				B0A5D3661ACBAF7D00D60958 /* AccountFamilyStewardVC.m in Sources */,
				A696C5601AC1A8F400A860AD /* UIButton+AFNetworking.m in Sources */,
				A696C55E1AC1A8F400A860AD /* UIActivityIndicatorView+AFNetworking.m in Sources */,
				A696C58C1AC1A91900A860AD /* CurtainCareVC.m in Sources */,
				A6B6A8961AC4359500B12F04 /* AddAddressVC.m in Sources */,
				A696C5121AC1A73500A860AD /* AppDelegate.m in Sources */,
				A66C50AF1AC262EF003E146F /* AllServiceVC.m in Sources */,
				A696C5941AC1A91900A860AD /* ServiceIntroductionVC.m in Sources */,
				A696C5641AC1A8F400A860AD /* UIWebView+AFNetworking.m in Sources */,
				A696C52B1AC1A8E800A860AD /* HomeService.m in Sources */,
				A66C50B41AC2686C003E146F /* AllServiceCell.m in Sources */,
				A696C58E1AC1A91900A860AD /* FloorCareVC.m in Sources */,
				A6BB68591AC9359800DF1723 /* XiaohaopinVC.m in Sources */,
				A696C51B1AC1A8C200A860AD /* MZBWebService.m in Sources */,
				A696C4D81AC1A5D900A860AD /* main.m in Sources */,
				A696C5231AC1A8D900A860AD /* BaseTVC.m in Sources */,
				A696C5921AC1A91900A860AD /* NurseVC.m in Sources */,
				B0A5D35A1ACBAE4A00D60958 /* GoldenIconExchangeVC.m in Sources */,
				B0735C161AC25BEF005A3E82 /* GoldenIconActivityVC.m in Sources */,
				A66C50B81AC272D1003E146F /* AllServiceButton.m in Sources */,
				A696C55C1AC1A8F400A860AD /* AFURLSessionManager.m in Sources */,
				B0735C221AC25C9C005A3E82 /* AvailableCitiesVC.m in Sources */,
				A6694CBF1AD2AA0E00339A2B /* GTMBase64.m in Sources */,
				A696C58A1AC1A91900A860AD /* CleanerVC.m in Sources */,
				A696C55B1AC1A8F400A860AD /* AFURLResponseSerialization.m in Sources */,
				A696C5241AC1A8D900A860AD /* BaseViewController.m in Sources */,
				A696C5221AC1A8D900A860AD /* BaseNavigationController.m in Sources */,
				B01EC0411ACA68EC0049FC7D /* UserProblemsVC.m in Sources */,
				A696C5901AC1A91900A860AD /* NewHouseCareVC.m in Sources */,
				B0735C111AC25495005A3E82 /* MyAccountTVC.m in Sources */,
				A696C59C1AC1A93300A860AD /* MemberCenterJoinTVC.m in Sources */,
				A696C55A1AC1A8F400A860AD /* AFURLRequestSerialization.m in Sources */,
				B0735C191AC25C0D005A3E82 /* AccountDetailVC.m in Sources */,
				A6B6A8A01AC43ECF00B12F04 /* QuyuVC.m in Sources */,
				A696C5631AC1A8F400A860AD /* UIRefreshControl+AFNetworking.m in Sources */,
				A696C5A61AC1A94C00A860AD /* MyOrderTVC.m in Sources */,
				A6BB684C1AC6848000DF1723 /* MoreDemandVC.m in Sources */,
				A696C5611AC1A8F400A860AD /* UIImageView+AFNetworking.m in Sources */,
				B0A5D3601ACBAEF500D60958 /* AccountExpenseRecordVC.m in Sources */,
				B0735C1C1AC25C32005A3E82 /* ShareToFriendsVC.m in Sources */,
				B01EC0471ACA695F0049FC7D /* SoftwareUpdateVC.m in Sources */,
				B0735C1F1AC25C44005A3E82 /* FeedBackVC.m in Sources */,
				A696C5571AC1A8F400A860AD /* AFNetworkReachabilityManager.m in Sources */,
				A6CB3FB61AC3E43800C65C47 /* ChooseAddressCell.m in Sources */,
				A696C52D1AC1A8E800A860AD /* MzbService.m in Sources */,
				A696C59D1AC1A93300A860AD /* MemberCenterPrivilegeTVC.m in Sources */,
				A66C50A91AC25313003E146F /* MzbAd.m in Sources */,
				A696C5541AC1A8F400A860AD /* AFHTTPRequestOperation.m in Sources */,
				A696C5881AC1A91900A860AD /* RMDateSelectionViewController.m in Sources */,
				A696C5871AC1A91900A860AD /* HomeTableVC.m in Sources */,
				A696C5561AC1A8F400A860AD /* AFHTTPSessionManager.m in Sources */,
				A696C5851AC1A91900A860AD /* HomeBtnCell.m in Sources */,
			);
			runOnlyForDeploymentPostprocessing = 0;
		};
		A696C4E71AC1A5D900A860AD /* Sources */ = {
			isa = PBXSourcesBuildPhase;
			buildActionMask = 2147483647;
			files = (
				A696C4F21AC1A5D900A860AD /* BeautyHouse_iphoneTests.m in Sources */,
			);
			runOnlyForDeploymentPostprocessing = 0;
		};
/* End PBXSourcesBuildPhase section */

/* Begin PBXTargetDependency section */
		A696C4ED1AC1A5D900A860AD /* PBXTargetDependency */ = {
			isa = PBXTargetDependency;
			target = A696C4D11AC1A5D900A860AD /* BeautyHouse_iphone */;
			targetProxy = A696C4EC1AC1A5D900A860AD /* PBXContainerItemProxy */;
		};
/* End PBXTargetDependency section */

/* Begin PBXVariantGroup section */
		A696C5001AC1A73500A860AD /* Main.storyboard */ = {
			isa = PBXVariantGroup;
			children = (
				A696C5011AC1A73500A860AD /* Base */,
			);
			name = Main.storyboard;
			sourceTree = "<group>";
		};
/* End PBXVariantGroup section */

/* Begin XCBuildConfiguration section */
		A696C4F31AC1A5D900A860AD /* Debug */ = {
			isa = XCBuildConfiguration;
			buildSettings = {
				ALWAYS_SEARCH_USER_PATHS = NO;
				CLANG_CXX_LANGUAGE_STANDARD = "gnu++0x";
				CLANG_CXX_LIBRARY = "libc++";
				CLANG_ENABLE_MODULES = YES;
				CLANG_ENABLE_OBJC_ARC = YES;
				CLANG_WARN_BOOL_CONVERSION = YES;
				CLANG_WARN_CONSTANT_CONVERSION = YES;
				CLANG_WARN_DIRECT_OBJC_ISA_USAGE = YES_ERROR;
				CLANG_WARN_EMPTY_BODY = YES;
				CLANG_WARN_ENUM_CONVERSION = YES;
				CLANG_WARN_INT_CONVERSION = YES;
				CLANG_WARN_OBJC_ROOT_CLASS = YES_ERROR;
				CLANG_WARN_UNREACHABLE_CODE = YES;
				CLANG_WARN__DUPLICATE_METHOD_MATCH = YES;
				"CODE_SIGN_IDENTITY[sdk=iphoneos*]" = "iPhone Developer";
				COPY_PHASE_STRIP = NO;
				ENABLE_STRICT_OBJC_MSGSEND = YES;
				GCC_C_LANGUAGE_STANDARD = gnu99;
				GCC_DYNAMIC_NO_PIC = NO;
				GCC_OPTIMIZATION_LEVEL = 0;
				GCC_PREPROCESSOR_DEFINITIONS = (
					"DEBUG=1",
					"$(inherited)",
				);
				GCC_SYMBOLS_PRIVATE_EXTERN = NO;
				GCC_WARN_64_TO_32_BIT_CONVERSION = YES;
				GCC_WARN_ABOUT_RETURN_TYPE = YES_ERROR;
				GCC_WARN_UNDECLARED_SELECTOR = YES;
				GCC_WARN_UNINITIALIZED_AUTOS = YES_AGGRESSIVE;
				GCC_WARN_UNUSED_FUNCTION = YES;
				GCC_WARN_UNUSED_VARIABLE = YES;
				IPHONEOS_DEPLOYMENT_TARGET = 8.2;
				MTL_ENABLE_DEBUG_INFO = YES;
				ONLY_ACTIVE_ARCH = YES;
				SDKROOT = iphoneos;
			};
			name = Debug;
		};
		A696C4F41AC1A5D900A860AD /* Release */ = {
			isa = XCBuildConfiguration;
			buildSettings = {
				ALWAYS_SEARCH_USER_PATHS = NO;
				CLANG_CXX_LANGUAGE_STANDARD = "gnu++0x";
				CLANG_CXX_LIBRARY = "libc++";
				CLANG_ENABLE_MODULES = YES;
				CLANG_ENABLE_OBJC_ARC = YES;
				CLANG_WARN_BOOL_CONVERSION = YES;
				CLANG_WARN_CONSTANT_CONVERSION = YES;
				CLANG_WARN_DIRECT_OBJC_ISA_USAGE = YES_ERROR;
				CLANG_WARN_EMPTY_BODY = YES;
				CLANG_WARN_ENUM_CONVERSION = YES;
				CLANG_WARN_INT_CONVERSION = YES;
				CLANG_WARN_OBJC_ROOT_CLASS = YES_ERROR;
				CLANG_WARN_UNREACHABLE_CODE = YES;
				CLANG_WARN__DUPLICATE_METHOD_MATCH = YES;
				"CODE_SIGN_IDENTITY[sdk=iphoneos*]" = "iPhone Developer";
				COPY_PHASE_STRIP = NO;
				ENABLE_NS_ASSERTIONS = NO;
				ENABLE_STRICT_OBJC_MSGSEND = YES;
				GCC_C_LANGUAGE_STANDARD = gnu99;
				GCC_WARN_64_TO_32_BIT_CONVERSION = YES;
				GCC_WARN_ABOUT_RETURN_TYPE = YES_ERROR;
				GCC_WARN_UNDECLARED_SELECTOR = YES;
				GCC_WARN_UNINITIALIZED_AUTOS = YES_AGGRESSIVE;
				GCC_WARN_UNUSED_FUNCTION = YES;
				GCC_WARN_UNUSED_VARIABLE = YES;
				IPHONEOS_DEPLOYMENT_TARGET = 8.2;
				MTL_ENABLE_DEBUG_INFO = NO;
				SDKROOT = iphoneos;
				VALIDATE_PRODUCT = YES;
			};
			name = Release;
		};
		A696C4F61AC1A5D900A860AD /* Debug */ = {
			isa = XCBuildConfiguration;
			buildSettings = {
				ASSETCATALOG_COMPILER_APPICON_NAME = AppIcon;
				ASSETCATALOG_COMPILER_LAUNCHIMAGE_NAME = LaunchImage;
				CODE_SIGN_IDENTITY = "iPhone Distribution: WUHAN EREAL SOFTWARE CO.,LTD";
				"CODE_SIGN_IDENTITY[sdk=iphoneos*]" = "iPhone Distribution: WUHAN EREAL SOFTWARE CO.,LTD";
				INFOPLIST_FILE = BeautyHouse_iphone/Info.plist;
				IPHONEOS_DEPLOYMENT_TARGET = 7.0;
				LD_RUNPATH_SEARCH_PATHS = "$(inherited) @executable_path/Frameworks";
				PRODUCT_NAME = "$(TARGET_NAME)";
				PROVISIONING_PROFILE = "";
			};
			name = Debug;
		};
		A696C4F71AC1A5D900A860AD /* Release */ = {
			isa = XCBuildConfiguration;
			buildSettings = {
				ASSETCATALOG_COMPILER_APPICON_NAME = AppIcon;
				ASSETCATALOG_COMPILER_LAUNCHIMAGE_NAME = LaunchImage;
				CODE_SIGN_IDENTITY = "iPhone Distribution: WUHAN EREAL SOFTWARE CO.,LTD";
				"CODE_SIGN_IDENTITY[sdk=iphoneos*]" = "iPhone Distribution: WUHAN EREAL SOFTWARE CO.,LTD";
				INFOPLIST_FILE = BeautyHouse_iphone/Info.plist;
				IPHONEOS_DEPLOYMENT_TARGET = 7.0;
				LD_RUNPATH_SEARCH_PATHS = "$(inherited) @executable_path/Frameworks";
				PRODUCT_NAME = "$(TARGET_NAME)";
				PROVISIONING_PROFILE = "";
			};
			name = Release;
		};
		A696C4F91AC1A5D900A860AD /* Debug */ = {
			isa = XCBuildConfiguration;
			buildSettings = {
				BUNDLE_LOADER = "$(TEST_HOST)";
				FRAMEWORK_SEARCH_PATHS = (
					"$(SDKROOT)/Developer/Library/Frameworks",
					"$(inherited)",
				);
				GCC_PREPROCESSOR_DEFINITIONS = (
					"DEBUG=1",
					"$(inherited)",
				);
				INFOPLIST_FILE = BeautyHouse_iphoneTests/Info.plist;
				LD_RUNPATH_SEARCH_PATHS = "$(inherited) @executable_path/Frameworks @loader_path/Frameworks";
				PRODUCT_NAME = "$(TARGET_NAME)";
				TEST_HOST = "$(BUILT_PRODUCTS_DIR)/BeautyHouse_iphone.app/BeautyHouse_iphone";
			};
			name = Debug;
		};
		A696C4FA1AC1A5D900A860AD /* Release */ = {
			isa = XCBuildConfiguration;
			buildSettings = {
				BUNDLE_LOADER = "$(TEST_HOST)";
				FRAMEWORK_SEARCH_PATHS = (
					"$(SDKROOT)/Developer/Library/Frameworks",
					"$(inherited)",
				);
				INFOPLIST_FILE = BeautyHouse_iphoneTests/Info.plist;
				LD_RUNPATH_SEARCH_PATHS = "$(inherited) @executable_path/Frameworks @loader_path/Frameworks";
				PRODUCT_NAME = "$(TARGET_NAME)";
				TEST_HOST = "$(BUILT_PRODUCTS_DIR)/BeautyHouse_iphone.app/BeautyHouse_iphone";
			};
			name = Release;
		};
/* End XCBuildConfiguration section */

/* Begin XCConfigurationList section */
		A696C4CD1AC1A5D900A860AD /* Build configuration list for PBXProject "BeautyHouse_iphone" */ = {
			isa = XCConfigurationList;
			buildConfigurations = (
				A696C4F31AC1A5D900A860AD /* Debug */,
				A696C4F41AC1A5D900A860AD /* Release */,
			);
			defaultConfigurationIsVisible = 0;
			defaultConfigurationName = Release;
		};
		A696C4F51AC1A5D900A860AD /* Build configuration list for PBXNativeTarget "BeautyHouse_iphone" */ = {
			isa = XCConfigurationList;
			buildConfigurations = (
				A696C4F61AC1A5D900A860AD /* Debug */,
				A696C4F71AC1A5D900A860AD /* Release */,
			);
			defaultConfigurationIsVisible = 0;
			defaultConfigurationName = Release;
		};
		A696C4F81AC1A5D900A860AD /* Build configuration list for PBXNativeTarget "BeautyHouse_iphoneTests" */ = {
			isa = XCConfigurationList;
			buildConfigurations = (
				A696C4F91AC1A5D900A860AD /* Debug */,
				A696C4FA1AC1A5D900A860AD /* Release */,
			);
			defaultConfigurationIsVisible = 0;
			defaultConfigurationName = Release;
		};
/* End XCConfigurationList section */
	};
	rootObject = A696C4CA1AC1A5D900A860AD /* Project object */;
}
